// !$*UTF8*$!
{
	archiveVersion = 1;
	classes = {
	};
	objectVersion = 42;
	objects = {

/* Begin PBXBuildFile section */
		8D07F2C00486CC7A007CD1D0 /* InfoPlist.strings in Resources */ = {isa = PBXBuildFile; fileRef = 089C1666FE841158C02AAC07 /* InfoPlist.strings */; };
		8E8D0EE6082DD1E100CC65F0 /* huffsv7.c in Sources */ = {isa = PBXBuildFile; fileRef = 8E8D0EDD082DD1E100CC65F0 /* huffsv7.c */; };
		8E8D0EE7082DD1E100CC65F0 /* huffsv46.c in Sources */ = {isa = PBXBuildFile; fileRef = 8E8D0EDE082DD1E100CC65F0 /* huffsv46.c */; };
		8E8D0EE8082DD1E100CC65F0 /* idtag.c in Sources */ = {isa = PBXBuildFile; fileRef = 8E8D0EDF082DD1E100CC65F0 /* idtag.c */; };
		8E8D0EE9082DD1E100CC65F0 /* mpc_decoder.c in Sources */ = {isa = PBXBuildFile; fileRef = 8E8D0EE0082DD1E100CC65F0 /* mpc_decoder.c */; };
		8E8D0EEA082DD1E100CC65F0 /* mpc_reader.c in Sources */ = {isa = PBXBuildFile; fileRef = 8E8D0EE1082DD1E100CC65F0 /* mpc_reader.c */; };
		8E8D0EEB082DD1E100CC65F0 /* requant.c in Sources */ = {isa = PBXBuildFile; fileRef = 8E8D0EE2082DD1E100CC65F0 /* requant.c */; };
		8E8D0EED082DD1E100CC65F0 /* streaminfo.c in Sources */ = {isa = PBXBuildFile; fileRef = 8E8D0EE4082DD1E100CC65F0 /* streaminfo.c */; };
		8E8D0EEE082DD1E100CC65F0 /* synth_filter.c in Sources */ = {isa = PBXBuildFile; fileRef = 8E8D0EE5082DD1E100CC65F0 /* synth_filter.c */; };
		8E8D0EFA082DD1F800CC65F0 /* decoder.h in Headers */ = {isa = PBXBuildFile; fileRef = 8E8D0EF2082DD1F800CC65F0 /* decoder.h */; settings = {ATTRIBUTES = (Public, ); }; };
		8E8D0EFB082DD1F800CC65F0 /* huffman.h in Headers */ = {isa = PBXBuildFile; fileRef = 8E8D0EF3082DD1F800CC65F0 /* huffman.h */; settings = {ATTRIBUTES = (Public, ); }; };
		8E8D0EFC082DD1F800CC65F0 /* internal.h in Headers */ = {isa = PBXBuildFile; fileRef = 8E8D0EF4082DD1F800CC65F0 /* internal.h */; settings = {ATTRIBUTES = (Public, ); }; };
		8E8D0EFD082DD1F800CC65F0 /* math.h in Headers */ = {isa = PBXBuildFile; fileRef = 8E8D0EF5082DD1F800CC65F0 /* math.h */; settings = {ATTRIBUTES = (Public, ); }; };
		8E8D0EFE082DD1F800CC65F0 /* mpcdec.h in Headers */ = {isa = PBXBuildFile; fileRef = 8E8D0EF6082DD1F800CC65F0 /* mpcdec.h */; settings = {ATTRIBUTES = (Public, ); }; };
		8E8D0EFF082DD1F800CC65F0 /* reader.h in Headers */ = {isa = PBXBuildFile; fileRef = 8E8D0EF7082DD1F800CC65F0 /* reader.h */; settings = {ATTRIBUTES = (Public, ); }; };
		8E8D0F00082DD1F800CC65F0 /* requant.h in Headers */ = {isa = PBXBuildFile; fileRef = 8E8D0EF8082DD1F800CC65F0 /* requant.h */; settings = {ATTRIBUTES = (Public, ); }; };
		8E8D0F01082DD1F800CC65F0 /* streaminfo.h in Headers */ = {isa = PBXBuildFile; fileRef = 8E8D0EF9082DD1F800CC65F0 /* streaminfo.h */; settings = {ATTRIBUTES = (Public, ); }; };
		8E8D0F03082DD28900CC65F0 /* config.h in Headers */ = {isa = PBXBuildFile; fileRef = 8E8D0F02082DD28900CC65F0 /* config.h */; settings = {ATTRIBUTES = (Public, ); }; };
		8E8D0F05082DD29500CC65F0 /* config_types.h in Headers */ = {isa = PBXBuildFile; fileRef = 8E8D0F04082DD29500CC65F0 /* config_types.h */; settings = {ATTRIBUTES = (Public, ); }; };
/* End PBXBuildFile section */

/* Begin PBXBuildRule section */
		8E6A0D2A086CCC3C00B90CF9 /* PBXBuildRule */ = {
			isa = PBXBuildRule;
			compilerSpec = com.apple.compilers.gcc.3_3;
			fileType = sourcecode.c;
			isEditable = 1;
			outputFiles = (
			);
		};
		8E6A0D2B086CCC4000B90CF9 /* PBXBuildRule */ = {
			isa = PBXBuildRule;
			compilerSpec = com.apple.compilers.gcc.3_3;
			fileType = sourcecode.asm;
			isEditable = 1;
			outputFiles = (
			);
		};
/* End PBXBuildRule section */

/* Begin PBXBuildStyle section */
		4F0BB7EC011F40E904CA0E50 /* Development */ = {
			isa = PBXBuildStyle;
			buildSettings = {
				COPY_PHASE_STRIP = NO;
				GCC_DYNAMIC_NO_PIC = NO;
				GCC_ENABLE_FIX_AND_CONTINUE = YES;
				GCC_GENERATE_DEBUGGING_SYMBOLS = YES;
				GCC_OPTIMIZATION_LEVEL = 0;
				ZERO_LINK = YES;
			};
			name = Development;
		};
		4F0BB7ED011F40E904CA0E50 /* Deployment */ = {
			isa = PBXBuildStyle;
			buildSettings = {
				COPY_PHASE_STRIP = YES;
				GCC_ENABLE_FIX_AND_CONTINUE = NO;
				ZERO_LINK = NO;
			};
			name = Deployment;
		};
/* End PBXBuildStyle section */

/* Begin PBXFileReference section */
		089C1667FE841158C02AAC07 /* English */ = {isa = PBXFileReference; fileEncoding = 10; lastKnownFileType = text.plist.strings; name = English; path = English.lproj/InfoPlist.strings; sourceTree = "<group>"; };
		8D07F2C70486CC7A007CD1D0 /* Info.plist */ = {isa = PBXFileReference; fileEncoding = 4; lastKnownFileType = text.plist; path = Info.plist; sourceTree = "<group>"; };
		8D07F2C80486CC7A007CD1D0 /* MPCDec.framework */ = {isa = PBXFileReference; explicitFileType = wrapper.framework; includeInIndex = 0; path = MPCDec.framework; sourceTree = BUILT_PRODUCTS_DIR; };
		8E8D0EDD082DD1E100CC65F0 /* huffsv7.c */ = {isa = PBXFileReference; fileEncoding = 30; lastKnownFileType = sourcecode.c.c; name = huffsv7.c; path = Files/src/huffsv7.c; sourceTree = "<group>"; };
		8E8D0EDE082DD1E100CC65F0 /* huffsv46.c */ = {isa = PBXFileReference; fileEncoding = 30; lastKnownFileType = sourcecode.c.c; name = huffsv46.c; path = Files/src/huffsv46.c; sourceTree = "<group>"; };
		8E8D0EDF082DD1E100CC65F0 /* idtag.c */ = {isa = PBXFileReference; fileEncoding = 30; lastKnownFileType = sourcecode.c.c; name = idtag.c; path = Files/src/idtag.c; sourceTree = "<group>"; };
		8E8D0EE0082DD1E100CC65F0 /* mpc_decoder.c */ = {isa = PBXFileReference; fileEncoding = 30; lastKnownFileType = sourcecode.c.c; name = mpc_decoder.c; path = Files/src/mpc_decoder.c; sourceTree = "<group>"; };
		8E8D0EE1082DD1E100CC65F0 /* mpc_reader.c */ = {isa = PBXFileReference; fileEncoding = 30; lastKnownFileType = sourcecode.c.c; name = mpc_reader.c; path = Files/src/mpc_reader.c; sourceTree = "<group>"; };
		8E8D0EE2082DD1E100CC65F0 /* requant.c */ = {isa = PBXFileReference; fileEncoding = 30; lastKnownFileType = sourcecode.c.c; name = requant.c; path = Files/src/requant.c; sourceTree = "<group>"; };
		8E8D0EE3082DD1E100CC65F0 /* sample.cpp */ = {isa = PBXFileReference; fileEncoding = 30; lastKnownFileType = sourcecode.cpp.cpp; name = sample.cpp; path = Files/src/sample.cpp; sourceTree = "<group>"; };
		8E8D0EE4082DD1E100CC65F0 /* streaminfo.c */ = {isa = PBXFileReference; fileEncoding = 30; lastKnownFileType = sourcecode.c.c; name = streaminfo.c; path = Files/src/streaminfo.c; sourceTree = "<group>"; };
		8E8D0EE5082DD1E100CC65F0 /* synth_filter.c */ = {isa = PBXFileReference; fileEncoding = 30; lastKnownFileType = sourcecode.c.c; name = synth_filter.c; path = Files/src/synth_filter.c; sourceTree = "<group>"; };
		8E8D0EF2082DD1F800CC65F0 /* decoder.h */ = {isa = PBXFileReference; fileEncoding = 30; lastKnownFileType = sourcecode.c.h; name = decoder.h; path = Files/include/mpcdec/decoder.h; sourceTree = "<group>"; };
		8E8D0EF3082DD1F800CC65F0 /* huffman.h */ = {isa = PBXFileReference; fileEncoding = 30; lastKnownFileType = sourcecode.c.h; name = huffman.h; path = Files/include/mpcdec/huffman.h; sourceTree = "<group>"; };
		8E8D0EF4082DD1F800CC65F0 /* internal.h */ = {isa = PBXFileReference; fileEncoding = 30; lastKnownFileType = sourcecode.c.h; name = internal.h; path = Files/include/mpcdec/internal.h; sourceTree = "<group>"; };
		8E8D0EF5082DD1F800CC65F0 /* math.h */ = {isa = PBXFileReference; fileEncoding = 30; lastKnownFileType = sourcecode.c.h; name = math.h; path = Files/include/mpcdec/math.h; sourceTree = "<group>"; };
		8E8D0EF6082DD1F800CC65F0 /* mpcdec.h */ = {isa = PBXFileReference; fileEncoding = 30; lastKnownFileType = sourcecode.c.h; name = mpcdec.h; path = Files/include/mpcdec/mpcdec.h; sourceTree = "<group>"; };
		8E8D0EF7082DD1F800CC65F0 /* reader.h */ = {isa = PBXFileReference; fileEncoding = 30; lastKnownFileType = sourcecode.c.h; name = reader.h; path = Files/include/mpcdec/reader.h; sourceTree = "<group>"; };
		8E8D0EF8082DD1F800CC65F0 /* requant.h */ = {isa = PBXFileReference; fileEncoding = 30; lastKnownFileType = sourcecode.c.h; name = requant.h; path = Files/include/mpcdec/requant.h; sourceTree = "<group>"; };
		8E8D0EF9082DD1F800CC65F0 /* streaminfo.h */ = {isa = PBXFileReference; fileEncoding = 30; lastKnownFileType = sourcecode.c.h; name = streaminfo.h; path = Files/include/mpcdec/streaminfo.h; sourceTree = "<group>"; };
		8E8D0F02082DD28900CC65F0 /* config.h */ = {isa = PBXFileReference; fileEncoding = 30; lastKnownFileType = sourcecode.c.h; name = config.h; path = Files/include/config.h; sourceTree = "<group>"; };
		8E8D0F04082DD29500CC65F0 /* config_types.h */ = {isa = PBXFileReference; fileEncoding = 30; lastKnownFileType = sourcecode.c.h; name = config_types.h; path = Files/include/mpcdec/config_types.h; sourceTree = "<group>"; };
/* End PBXFileReference section */

/* Begin PBXFrameworksBuildPhase section */
		8D07F2C30486CC7A007CD1D0 /* Frameworks */ = {
			isa = PBXFrameworksBuildPhase;
			buildActionMask = 2147483647;
			files = (
			);
			runOnlyForDeploymentPostprocessing = 0;
		};
/* End PBXFrameworksBuildPhase section */

/* Begin PBXGroup section */
		034768DDFF38A45A11DB9C8B /* Products */ = {
			isa = PBXGroup;
			children = (
				8D07F2C80486CC7A007CD1D0 /* MPCDec.framework */,
			);
			name = Products;
			sourceTree = "<group>";
		};
		0867D691FE84028FC02AAC07 /* MPCDec */ = {
			isa = PBXGroup;
			children = (
				8E8D0EF0082DD1E600CC65F0 /* Headers */,
				08FB77ACFE841707C02AAC07 /* Source */,
				089C1665FE841158C02AAC07 /* Resources */,
				0867D69AFE84028FC02AAC07 /* External Frameworks and Libraries */,
				034768DDFF38A45A11DB9C8B /* Products */,
			);
			name = MPCDec;
			sourceTree = "<group>";
		};
		0867D69AFE84028FC02AAC07 /* External Frameworks and Libraries */ = {
			isa = PBXGroup;
			children = (
			);
			name = "External Frameworks and Libraries";
			sourceTree = "<group>";
		};
		089C1665FE841158C02AAC07 /* Resources */ = {
			isa = PBXGroup;
			children = (
				8D07F2C70486CC7A007CD1D0 /* Info.plist */,
				089C1666FE841158C02AAC07 /* InfoPlist.strings */,
			);
			name = Resources;
			sourceTree = "<group>";
		};
		08FB77ACFE841707C02AAC07 /* Source */ = {
			isa = PBXGroup;
			children = (
				8E8D0EDD082DD1E100CC65F0 /* huffsv7.c */,
				8E8D0EDE082DD1E100CC65F0 /* huffsv46.c */,
				8E8D0EDF082DD1E100CC65F0 /* idtag.c */,
				8E8D0EE0082DD1E100CC65F0 /* mpc_decoder.c */,
				8E8D0EE1082DD1E100CC65F0 /* mpc_reader.c */,
				8E8D0EE2082DD1E100CC65F0 /* requant.c */,
				8E8D0EE3082DD1E100CC65F0 /* sample.cpp */,
				8E8D0EE4082DD1E100CC65F0 /* streaminfo.c */,
				8E8D0EE5082DD1E100CC65F0 /* synth_filter.c */,
			);
			name = Source;
			sourceTree = "<group>";
		};
		8E8D0EF0082DD1E600CC65F0 /* Headers */ = {
			isa = PBXGroup;
			children = (
				8E8D0F04082DD29500CC65F0 /* config_types.h */,
				8E8D0F02082DD28900CC65F0 /* config.h */,
				8E8D0EF2082DD1F800CC65F0 /* decoder.h */,
				8E8D0EF3082DD1F800CC65F0 /* huffman.h */,
				8E8D0EF4082DD1F800CC65F0 /* internal.h */,
				8E8D0EF5082DD1F800CC65F0 /* math.h */,
				8E8D0EF6082DD1F800CC65F0 /* mpcdec.h */,
				8E8D0EF7082DD1F800CC65F0 /* reader.h */,
				8E8D0EF8082DD1F800CC65F0 /* requant.h */,
				8E8D0EF9082DD1F800CC65F0 /* streaminfo.h */,
			);
			name = Headers;
			sourceTree = "<group>";
		};
/* End PBXGroup section */

/* Begin PBXHeadersBuildPhase section */
		8D07F2BD0486CC7A007CD1D0 /* Headers */ = {
			isa = PBXHeadersBuildPhase;
			buildActionMask = 2147483647;
			files = (
				8E8D0EFA082DD1F800CC65F0 /* decoder.h in Headers */,
				8E8D0EFB082DD1F800CC65F0 /* huffman.h in Headers */,
				8E8D0EFC082DD1F800CC65F0 /* internal.h in Headers */,
				8E8D0EFD082DD1F800CC65F0 /* math.h in Headers */,
				8E8D0EFE082DD1F800CC65F0 /* mpcdec.h in Headers */,
				8E8D0EFF082DD1F800CC65F0 /* reader.h in Headers */,
				8E8D0F00082DD1F800CC65F0 /* requant.h in Headers */,
				8E8D0F01082DD1F800CC65F0 /* streaminfo.h in Headers */,
				8E8D0F03082DD28900CC65F0 /* config.h in Headers */,
				8E8D0F05082DD29500CC65F0 /* config_types.h in Headers */,
			);
			runOnlyForDeploymentPostprocessing = 0;
		};
/* End PBXHeadersBuildPhase section */

/* Begin PBXNativeTarget section */
		8D07F2BC0486CC7A007CD1D0 /* MPCDec */ = {
			isa = PBXNativeTarget;
			buildConfigurationList = 8E6A0D33086CCC4C00B90CF9 /* Build configuration list for PBXNativeTarget "MPCDec" */;
			buildPhases = (
				8D07F2BD0486CC7A007CD1D0 /* Headers */,
				8D07F2BF0486CC7A007CD1D0 /* Resources */,
				8D07F2C10486CC7A007CD1D0 /* Sources */,
				8D07F2C30486CC7A007CD1D0 /* Frameworks */,
				8D07F2C50486CC7A007CD1D0 /* Rez */,
			);
			buildRules = (
				8E6A0D2B086CCC4000B90CF9 /* PBXBuildRule */,
				8E6A0D2A086CCC3C00B90CF9 /* PBXBuildRule */,
			);
			buildSettings = {
				DYLIB_COMPATIBILITY_VERSION = 1;
				DYLIB_CURRENT_VERSION = 1;
				FRAMEWORK_VERSION = A;
				GCC_AUTO_VECTORIZATION = NO;
				GCC_GENERATE_DEBUGGING_SYMBOLS = NO;
				GCC_OPTIMIZATION_LEVEL = 3;
				GCC_PRECOMPILE_PREFIX_HEADER = NO;
				GCC_PREFIX_HEADER = "";
				INFOPLIST_FILE = Info.plist;
				INSTALL_PATH = "@executable_path/../Frameworks";
				LIBRARY_STYLE = DYNAMIC;
				PRODUCT_NAME = MPCDec;
				WRAPPER_EXTENSION = framework;
			};
			dependencies = (
			);
			name = MPCDec;
			productInstallPath = "$(HOME)/Library/Frameworks";
			productName = MPCDec;
			productReference = 8D07F2C80486CC7A007CD1D0 /* MPCDec.framework */;
			productType = "com.apple.product-type.framework";
		};
/* End PBXNativeTarget section */

/* Begin PBXProject section */
		0867D690FE84028FC02AAC07 /* Project object */ = {
			isa = PBXProject;
			buildConfigurationList = 8E6A0D37086CCC4C00B90CF9 /* Build configuration list for PBXProject "MPCDec" */;
			buildSettings = {
			};
			buildStyles = (
				4F0BB7EC011F40E904CA0E50 /* Development */,
				4F0BB7ED011F40E904CA0E50 /* Deployment */,
			);
			hasScannedForEncodings = 1;
			mainGroup = 0867D691FE84028FC02AAC07 /* MPCDec */;
			productRefGroup = 034768DDFF38A45A11DB9C8B /* Products */;
			projectDirPath = "";
			targets = (
				8D07F2BC0486CC7A007CD1D0 /* MPCDec */,
			);
		};
/* End PBXProject section */

/* Begin PBXResourcesBuildPhase section */
		8D07F2BF0486CC7A007CD1D0 /* Resources */ = {
			isa = PBXResourcesBuildPhase;
			buildActionMask = 2147483647;
			files = (
				8D07F2C00486CC7A007CD1D0 /* InfoPlist.strings in Resources */,
			);
			runOnlyForDeploymentPostprocessing = 0;
		};
/* End PBXResourcesBuildPhase section */

/* Begin PBXRezBuildPhase section */
		8D07F2C50486CC7A007CD1D0 /* Rez */ = {
			isa = PBXRezBuildPhase;
			buildActionMask = 2147483647;
			files = (
			);
			runOnlyForDeploymentPostprocessing = 0;
		};
/* End PBXRezBuildPhase section */

/* Begin PBXSourcesBuildPhase section */
		8D07F2C10486CC7A007CD1D0 /* Sources */ = {
			isa = PBXSourcesBuildPhase;
			buildActionMask = 2147483647;
			files = (
				8E8D0EE6082DD1E100CC65F0 /* huffsv7.c in Sources */,
				8E8D0EE7082DD1E100CC65F0 /* huffsv46.c in Sources */,
				8E8D0EE8082DD1E100CC65F0 /* idtag.c in Sources */,
				8E8D0EE9082DD1E100CC65F0 /* mpc_decoder.c in Sources */,
				8E8D0EEA082DD1E100CC65F0 /* mpc_reader.c in Sources */,
				8E8D0EEB082DD1E100CC65F0 /* requant.c in Sources */,
				8E8D0EED082DD1E100CC65F0 /* streaminfo.c in Sources */,
				8E8D0EEE082DD1E100CC65F0 /* synth_filter.c in Sources */,
			);
			runOnlyForDeploymentPostprocessing = 0;
		};
/* End PBXSourcesBuildPhase section */

/* Begin PBXVariantGroup section */
		089C1666FE841158C02AAC07 /* InfoPlist.strings */ = {
			isa = PBXVariantGroup;
			children = (
				089C1667FE841158C02AAC07 /* English */,
			);
			name = InfoPlist.strings;
			sourceTree = "<group>";
		};
/* End PBXVariantGroup section */

/* Begin XCBuildConfiguration section */
		8E6A0D34086CCC4C00B90CF9 /* Development */ = {
			isa = XCBuildConfiguration;
			buildSettings = {
				COPY_PHASE_STRIP = NO;
				DYLIB_COMPATIBILITY_VERSION = 1;
				DYLIB_CURRENT_VERSION = 1;
				FRAMEWORK_VERSION = A;
				GCC_AUTO_VECTORIZATION = NO;
				GCC_DYNAMIC_NO_PIC = NO;
				GCC_ENABLE_FIX_AND_CONTINUE = YES;
				GCC_GENERATE_DEBUGGING_SYMBOLS = YES;
				GCC_OPTIMIZATION_LEVEL = 0;
				GCC_PRECOMPILE_PREFIX_HEADER = NO;
				GCC_PREFIX_HEADER = "";
				INFOPLIST_FILE = Info.plist;
				INSTALL_PATH = "@executable_path/../Frameworks";
				LIBRARY_STYLE = DYNAMIC;
				MACH_O_TYPE = mh_dylib;
				PRODUCT_NAME = MPCDec;
				WRAPPER_EXTENSION = framework;
				ZERO_LINK = YES;
			};
			name = Development;
		};
		8E6A0D35086CCC4C00B90CF9 /* Deployment */ = {
			isa = XCBuildConfiguration;
			buildSettings = {
				COPY_PHASE_STRIP = YES;
				DYLIB_COMPATIBILITY_VERSION = 1;
				DYLIB_CURRENT_VERSION = 1;
				FRAMEWORK_VERSION = A;
				GCC_AUTO_VECTORIZATION = NO;
				GCC_ENABLE_FIX_AND_CONTINUE = NO;
				GCC_GENERATE_DEBUGGING_SYMBOLS = NO;
				GCC_OPTIMIZATION_LEVEL = 3;
				GCC_PRECOMPILE_PREFIX_HEADER = NO;
				GCC_PREFIX_HEADER = "";
				INFOPLIST_FILE = Info.plist;
				INSTALL_PATH = "@executable_path/../Frameworks";
				LIBRARY_STYLE = DYNAMIC;
				MACH_O_TYPE = mh_dylib;
				PRODUCT_NAME = MPCDec;
				WRAPPER_EXTENSION = framework;
				ZERO_LINK = NO;
			};
			name = Deployment;
		};
		8E6A0D36086CCC4C00B90CF9 /* Default */ = {
			isa = XCBuildConfiguration;
			buildSettings = {
				DYLIB_COMPATIBILITY_VERSION = 1;
				DYLIB_CURRENT_VERSION = 1;
				FRAMEWORK_VERSION = A;
				GCC_AUTO_VECTORIZATION = NO;
				GCC_GENERATE_DEBUGGING_SYMBOLS = NO;
				GCC_OPTIMIZATION_LEVEL = 3;
				GCC_PRECOMPILE_PREFIX_HEADER = NO;
				GCC_PREFIX_HEADER = "";
				INFOPLIST_FILE = Info.plist;
				INSTALL_PATH = "@executable_path/../Frameworks";
				LIBRARY_STYLE = DYNAMIC;
				MACH_O_TYPE = mh_dylib;
				PRODUCT_NAME = MPCDec;
				WRAPPER_EXTENSION = framework;
			};
			name = Default;
		};
		8E6A0D38086CCC4C00B90CF9 /* Development */ = {
			isa = XCBuildConfiguration;
			buildSettings = {
			};
			name = Development;
		};
		8E6A0D39086CCC4C00B90CF9 /* Deployment */ = {
			isa = XCBuildConfiguration;
			buildSettings = {
			};
			name = Deployment;
		};
		8E6A0D3A086CCC4C00B90CF9 /* Default */ = {
			isa = XCBuildConfiguration;
			buildSettings = {
			};
			name = Default;
		};
/* End XCBuildConfiguration section */

/* Begin XCConfigurationList section */
		8E6A0D33086CCC4C00B90CF9 /* Build configuration list for PBXNativeTarget "MPCDec" */ = {
			isa = XCConfigurationList;
			buildConfigurations = (
				8E6A0D34086CCC4C00B90CF9 /* Development */,
				8E6A0D35086CCC4C00B90CF9 /* Deployment */,
				8E6A0D36086CCC4C00B90CF9 /* Default */,
			);
			defaultConfigurationIsVisible = 0;
			defaultConfigurationName = Default;
		};
		8E6A0D37086CCC4C00B90CF9 /* Build configuration list for PBXProject "MPCDec" */ = {
			isa = XCConfigurationList;
			buildConfigurations = (
				8E6A0D38086CCC4C00B90CF9 /* Development */,
				8E6A0D39086CCC4C00B90CF9 /* Deployment */,
				8E6A0D3A086CCC4C00B90CF9 /* Default */,
			);
			defaultConfigurationIsVisible = 0;
			defaultConfigurationName = Default;
		};
/* End XCConfigurationList section */
	};
	rootObject = 0867D690FE84028FC02AAC07 /* Project object */;
}
