// !$*UTF8*$!
{
	archiveVersion = 1;
	classes = {
	};
	objectVersion = 54;
	objects = {

/* Begin PBXBuildFile section */
		8333B6701DCC46BA004C140D /* libz.tbd in Frameworks */ = {isa = PBXBuildFile; fileRef = 8333B66F1DCC46BA004C140D /* libz.tbd */; };
		8359000417FEF40E0060F3ED /* 7z.h in Headers */ = {isa = PBXBuildFile; fileRef = 8359FF7417FEF40E0060F3ED /* 7z.h */; };
		8359000517FEF40E0060F3ED /* 7zAlloc.c in Sources */ = {isa = PBXBuildFile; fileRef = 8359FF7517FEF40E0060F3ED /* 7zAlloc.c */; };
		8359000617FEF40E0060F3ED /* 7zAlloc.h in Headers */ = {isa = PBXBuildFile; fileRef = 8359FF7617FEF40E0060F3ED /* 7zAlloc.h */; };
		8359000717FEF40E0060F3ED /* 7zBuf.c in Sources */ = {isa = PBXBuildFile; fileRef = 8359FF7717FEF40E0060F3ED /* 7zBuf.c */; };
		8359000817FEF40E0060F3ED /* 7zBuf.h in Headers */ = {isa = PBXBuildFile; fileRef = 8359FF7817FEF40E0060F3ED /* 7zBuf.h */; };
		8359000917FEF40E0060F3ED /* 7zBuf2.c in Sources */ = {isa = PBXBuildFile; fileRef = 8359FF7917FEF40E0060F3ED /* 7zBuf2.c */; };
		8359000B17FEF40E0060F3ED /* 7zCrc.c in Sources */ = {isa = PBXBuildFile; fileRef = 8359FF7B17FEF40E0060F3ED /* 7zCrc.c */; };
		8359000C17FEF40E0060F3ED /* 7zCrc.h in Headers */ = {isa = PBXBuildFile; fileRef = 8359FF7C17FEF40E0060F3ED /* 7zCrc.h */; };
		8359000D17FEF40E0060F3ED /* 7zCrcOpt.c in Sources */ = {isa = PBXBuildFile; fileRef = 8359FF7D17FEF40E0060F3ED /* 7zCrcOpt.c */; };
		8359000E17FEF40E0060F3ED /* 7zDec.c in Sources */ = {isa = PBXBuildFile; fileRef = 8359FF7E17FEF40E0060F3ED /* 7zDec.c */; };
		8359001017FEF40E0060F3ED /* 7zDecode.h in Headers */ = {isa = PBXBuildFile; fileRef = 8359FF8017FEF40E0060F3ED /* 7zDecode.h */; };
		8359001217FEF40E0060F3ED /* 7zExtract.h in Headers */ = {isa = PBXBuildFile; fileRef = 8359FF8217FEF40E0060F3ED /* 7zExtract.h */; };
		8359001417FEF40E0060F3ED /* 7zFile.h in Headers */ = {isa = PBXBuildFile; fileRef = 8359FF8417FEF40E0060F3ED /* 7zFile.h */; };
		8359001617FEF40E0060F3ED /* 7zHeader.h in Headers */ = {isa = PBXBuildFile; fileRef = 8359FF8617FEF40E0060F3ED /* 7zHeader.h */; };
		8359001717FEF40E0060F3ED /* 7zIn.c in Sources */ = {isa = PBXBuildFile; fileRef = 8359FF8717FEF40E0060F3ED /* 7zIn.c */; };
		8359001817FEF40E0060F3ED /* 7zIn.h in Headers */ = {isa = PBXBuildFile; fileRef = 8359FF8817FEF40E0060F3ED /* 7zIn.h */; };
		8359001A17FEF40E0060F3ED /* 7zItem.h in Headers */ = {isa = PBXBuildFile; fileRef = 8359FF8A17FEF40E0060F3ED /* 7zItem.h */; };
		8359001C17FEF40E0060F3ED /* 7zTypes.h in Headers */ = {isa = PBXBuildFile; fileRef = 8359FF8C17FEF40E0060F3ED /* 7zTypes.h */; };
		8359001D17FEF40E0060F3ED /* 7zVersion.h in Headers */ = {isa = PBXBuildFile; fileRef = 8359FF8D17FEF40E0060F3ED /* 7zVersion.h */; };
		8359001E17FEF40E0060F3ED /* Alloc.c in Sources */ = {isa = PBXBuildFile; fileRef = 8359FF8E17FEF40E0060F3ED /* Alloc.c */; };
		8359001F17FEF40E0060F3ED /* Alloc.h in Headers */ = {isa = PBXBuildFile; fileRef = 8359FF8F17FEF40E0060F3ED /* Alloc.h */; };
		8359002017FEF40E0060F3ED /* Bcj2.c in Sources */ = {isa = PBXBuildFile; fileRef = 8359FF9017FEF40E0060F3ED /* Bcj2.c */; };
		8359002117FEF40E0060F3ED /* Bcj2.h in Headers */ = {isa = PBXBuildFile; fileRef = 8359FF9117FEF40E0060F3ED /* Bcj2.h */; };
		8359002217FEF40E0060F3ED /* Bra.c in Sources */ = {isa = PBXBuildFile; fileRef = 8359FF9217FEF40E0060F3ED /* Bra.c */; };
		8359002317FEF40E0060F3ED /* Bra.h in Headers */ = {isa = PBXBuildFile; fileRef = 8359FF9317FEF40E0060F3ED /* Bra.h */; };
		8359002417FEF40E0060F3ED /* Bra86.c in Sources */ = {isa = PBXBuildFile; fileRef = 8359FF9417FEF40E0060F3ED /* Bra86.c */; };
		8359002517FEF40E0060F3ED /* BraIA64.c in Sources */ = {isa = PBXBuildFile; fileRef = 8359FF9517FEF40E0060F3ED /* BraIA64.c */; };
		8359002717FEF40E0060F3ED /* CpuArch.c in Sources */ = {isa = PBXBuildFile; fileRef = 8359FF9717FEF40E0060F3ED /* CpuArch.c */; };
		8359002817FEF40E0060F3ED /* CpuArch.h in Headers */ = {isa = PBXBuildFile; fileRef = 8359FF9817FEF40E0060F3ED /* CpuArch.h */; };
		8359002917FEF40E0060F3ED /* Delta.c in Sources */ = {isa = PBXBuildFile; fileRef = 8359FF9917FEF40E0060F3ED /* Delta.c */; };
		8359002A17FEF40E0060F3ED /* Delta.h in Headers */ = {isa = PBXBuildFile; fileRef = 8359FF9A17FEF40E0060F3ED /* Delta.h */; };
		8359002B17FEF40E0060F3ED /* LzFind.c in Sources */ = {isa = PBXBuildFile; fileRef = 8359FF9B17FEF40E0060F3ED /* LzFind.c */; };
		8359002C17FEF40E0060F3ED /* LzFind.h in Headers */ = {isa = PBXBuildFile; fileRef = 8359FF9C17FEF40E0060F3ED /* LzFind.h */; };
		8359002D17FEF40E0060F3ED /* LzFindMt.c in Sources */ = {isa = PBXBuildFile; fileRef = 8359FF9D17FEF40E0060F3ED /* LzFindMt.c */; };
		8359002E17FEF40E0060F3ED /* LzFindMt.h in Headers */ = {isa = PBXBuildFile; fileRef = 8359FF9E17FEF40E0060F3ED /* LzFindMt.h */; };
		8359002F17FEF40E0060F3ED /* LzHash.h in Headers */ = {isa = PBXBuildFile; fileRef = 8359FF9F17FEF40E0060F3ED /* LzHash.h */; };
		8359003117FEF40E0060F3ED /* Lzma2Dec.c in Sources */ = {isa = PBXBuildFile; fileRef = 8359FFA117FEF40E0060F3ED /* Lzma2Dec.c */; };
		8359003217FEF40E0060F3ED /* Lzma2Dec.h in Headers */ = {isa = PBXBuildFile; fileRef = 8359FFA217FEF40E0060F3ED /* Lzma2Dec.h */; };
		8359003317FEF40E0060F3ED /* Lzma2Enc.c in Sources */ = {isa = PBXBuildFile; fileRef = 8359FFA317FEF40E0060F3ED /* Lzma2Enc.c */; };
		8359003417FEF40E0060F3ED /* Lzma2Enc.h in Headers */ = {isa = PBXBuildFile; fileRef = 8359FFA417FEF40E0060F3ED /* Lzma2Enc.h */; };
		8359003517FEF40E0060F3ED /* Lzma86.h in Headers */ = {isa = PBXBuildFile; fileRef = 8359FFA517FEF40E0060F3ED /* Lzma86.h */; };
		8359003617FEF40E0060F3ED /* Lzma86Dec.c in Sources */ = {isa = PBXBuildFile; fileRef = 8359FFA617FEF40E0060F3ED /* Lzma86Dec.c */; };
		8359003717FEF40E0060F3ED /* Lzma86Enc.c in Sources */ = {isa = PBXBuildFile; fileRef = 8359FFA717FEF40E0060F3ED /* Lzma86Enc.c */; };
		8359003817FEF40E0060F3ED /* LzmaDec.c in Sources */ = {isa = PBXBuildFile; fileRef = 8359FFA817FEF40E0060F3ED /* LzmaDec.c */; };
		8359003917FEF40E0060F3ED /* LzmaDec.h in Headers */ = {isa = PBXBuildFile; fileRef = 8359FFA917FEF40E0060F3ED /* LzmaDec.h */; };
		8359003A17FEF40E0060F3ED /* LzmaEnc.c in Sources */ = {isa = PBXBuildFile; fileRef = 8359FFAA17FEF40E0060F3ED /* LzmaEnc.c */; };
		8359003B17FEF40E0060F3ED /* LzmaEnc.h in Headers */ = {isa = PBXBuildFile; fileRef = 8359FFAB17FEF40E0060F3ED /* LzmaEnc.h */; };
		8359003C17FEF40E0060F3ED /* LzmaLib.c in Sources */ = {isa = PBXBuildFile; fileRef = 8359FFAC17FEF40E0060F3ED /* LzmaLib.c */; };
		8359003D17FEF40E0060F3ED /* LzmaLib.h in Headers */ = {isa = PBXBuildFile; fileRef = 8359FFAD17FEF40E0060F3ED /* LzmaLib.h */; };
		8359003E17FEF40E0060F3ED /* LzmaTypes.h in Headers */ = {isa = PBXBuildFile; fileRef = 8359FFAE17FEF40E0060F3ED /* LzmaTypes.h */; };
		8359003F17FEF40E0060F3ED /* MtCoder.c in Sources */ = {isa = PBXBuildFile; fileRef = 8359FFAF17FEF40E0060F3ED /* MtCoder.c */; };
		8359004017FEF40E0060F3ED /* MtCoder.h in Headers */ = {isa = PBXBuildFile; fileRef = 8359FFB017FEF40E0060F3ED /* MtCoder.h */; };
		8359004117FEF40E0060F3ED /* Threads.c in Sources */ = {isa = PBXBuildFile; fileRef = 8359FFB217FEF40E0060F3ED /* Threads.c */; };
		8359004217FEF40E0060F3ED /* Threads.h in Headers */ = {isa = PBXBuildFile; fileRef = 8359FFB317FEF40E0060F3ED /* Threads.h */; };
		8359004317FEF40E0060F3ED /* Ppmd.h in Headers */ = {isa = PBXBuildFile; fileRef = 8359FFB417FEF40E0060F3ED /* Ppmd.h */; };
		8359004417FEF40E0060F3ED /* Ppmd7.c in Sources */ = {isa = PBXBuildFile; fileRef = 8359FFB517FEF40E0060F3ED /* Ppmd7.c */; };
		8359004517FEF40E0060F3ED /* Ppmd7.h in Headers */ = {isa = PBXBuildFile; fileRef = 8359FFB617FEF40E0060F3ED /* Ppmd7.h */; };
		8359004617FEF40E0060F3ED /* Ppmd7Dec.c in Sources */ = {isa = PBXBuildFile; fileRef = 8359FFB717FEF40E0060F3ED /* Ppmd7Dec.c */; };
		8359004717FEF40E0060F3ED /* Ppmd7Enc.c in Sources */ = {isa = PBXBuildFile; fileRef = 8359FFB817FEF40E0060F3ED /* Ppmd7Enc.c */; };
		8359004917FEF40E0060F3ED /* RotateDefs.h in Headers */ = {isa = PBXBuildFile; fileRef = 8359FFBA17FEF40E0060F3ED /* RotateDefs.h */; };
		8359004A17FEF40E0060F3ED /* Threads.h in Headers */ = {isa = PBXBuildFile; fileRef = 8359FFBB17FEF40E0060F3ED /* Threads.h */; };
		8359004B17FEF40E0060F3ED /* Types.h in Headers */ = {isa = PBXBuildFile; fileRef = 8359FFBC17FEF40E0060F3ED /* Types.h */; };
		8359004E17FEF40E0060F3ED /* Binary_Extractor.cpp in Sources */ = {isa = PBXBuildFile; fileRef = 8359FFC117FEF40E0060F3ED /* Binary_Extractor.cpp */; };
		8359004F17FEF40E0060F3ED /* Binary_Extractor.h in Headers */ = {isa = PBXBuildFile; fileRef = 8359FFC217FEF40E0060F3ED /* Binary_Extractor.h */; };
		8359005017FEF40E0060F3ED /* blargg_common.cpp in Sources */ = {isa = PBXBuildFile; fileRef = 8359FFC317FEF40E0060F3ED /* blargg_common.cpp */; };
		8359005117FEF40E0060F3ED /* blargg_common.h in Headers */ = {isa = PBXBuildFile; fileRef = 8359FFC417FEF40E0060F3ED /* blargg_common.h */; };
		8359005217FEF40E0060F3ED /* blargg_config.h in Headers */ = {isa = PBXBuildFile; fileRef = 8359FFC517FEF40E0060F3ED /* blargg_config.h */; };
		8359005317FEF40E0060F3ED /* blargg_endian.h in Headers */ = {isa = PBXBuildFile; fileRef = 8359FFC617FEF40E0060F3ED /* blargg_endian.h */; };
		8359005417FEF40E0060F3ED /* blargg_errors.cpp in Sources */ = {isa = PBXBuildFile; fileRef = 8359FFC717FEF40E0060F3ED /* blargg_errors.cpp */; };
		8359005517FEF40E0060F3ED /* blargg_errors.h in Headers */ = {isa = PBXBuildFile; fileRef = 8359FFC817FEF40E0060F3ED /* blargg_errors.h */; };
		8359005617FEF40E0060F3ED /* blargg_source.h in Headers */ = {isa = PBXBuildFile; fileRef = 8359FFC917FEF40E0060F3ED /* blargg_source.h */; };
		8359005717FEF40E0060F3ED /* Data_Reader.cpp in Sources */ = {isa = PBXBuildFile; fileRef = 8359FFCA17FEF40E0060F3ED /* Data_Reader.cpp */; };
		8359005817FEF40E0060F3ED /* Data_Reader.h in Headers */ = {isa = PBXBuildFile; fileRef = 8359FFCB17FEF40E0060F3ED /* Data_Reader.h */; };
		8359005917FEF40E0060F3ED /* fex.cpp in Sources */ = {isa = PBXBuildFile; fileRef = 8359FFCC17FEF40E0060F3ED /* fex.cpp */; };
		8359005A17FEF40E0060F3ED /* fex.h in Headers */ = {isa = PBXBuildFile; fileRef = 8359FFCD17FEF40E0060F3ED /* fex.h */; settings = {ATTRIBUTES = (Public, ); }; };
		8359005B17FEF40E0060F3ED /* File_Extractor.cpp in Sources */ = {isa = PBXBuildFile; fileRef = 8359FFCE17FEF40E0060F3ED /* File_Extractor.cpp */; };
		8359005C17FEF40E0060F3ED /* File_Extractor.h in Headers */ = {isa = PBXBuildFile; fileRef = 8359FFCF17FEF40E0060F3ED /* File_Extractor.h */; };
		8359005D17FEF40E0060F3ED /* Gzip_Extractor.cpp in Sources */ = {isa = PBXBuildFile; fileRef = 8359FFD017FEF40E0060F3ED /* Gzip_Extractor.cpp */; };
		8359005E17FEF40E0060F3ED /* Gzip_Extractor.h in Headers */ = {isa = PBXBuildFile; fileRef = 8359FFD117FEF40E0060F3ED /* Gzip_Extractor.h */; };
		8359005F17FEF40E0060F3ED /* Gzip_Reader.cpp in Sources */ = {isa = PBXBuildFile; fileRef = 8359FFD217FEF40E0060F3ED /* Gzip_Reader.cpp */; };
		8359006017FEF40E0060F3ED /* Gzip_Reader.h in Headers */ = {isa = PBXBuildFile; fileRef = 8359FFD317FEF40E0060F3ED /* Gzip_Reader.h */; };
		8359006117FEF40E0060F3ED /* Rar_Extractor.cpp in Sources */ = {isa = PBXBuildFile; fileRef = 8359FFD417FEF40E0060F3ED /* Rar_Extractor.cpp */; };
		8359006217FEF40E0060F3ED /* Rar_Extractor.h in Headers */ = {isa = PBXBuildFile; fileRef = 8359FFD517FEF40E0060F3ED /* Rar_Extractor.h */; };
		8359006317FEF40E0060F3ED /* Zip7_Extractor.cpp in Sources */ = {isa = PBXBuildFile; fileRef = 8359FFD617FEF40E0060F3ED /* Zip7_Extractor.cpp */; };
		8359006417FEF40E0060F3ED /* Zip7_Extractor.h in Headers */ = {isa = PBXBuildFile; fileRef = 8359FFD717FEF40E0060F3ED /* Zip7_Extractor.h */; };
		8359006517FEF40E0060F3ED /* Zip_Extractor.cpp in Sources */ = {isa = PBXBuildFile; fileRef = 8359FFD817FEF40E0060F3ED /* Zip_Extractor.cpp */; };
		8359006617FEF40E0060F3ED /* Zip_Extractor.h in Headers */ = {isa = PBXBuildFile; fileRef = 8359FFD917FEF40E0060F3ED /* Zip_Extractor.h */; };
		8359006717FEF40E0060F3ED /* Zlib_Inflater.cpp in Sources */ = {isa = PBXBuildFile; fileRef = 8359FFDA17FEF40E0060F3ED /* Zlib_Inflater.cpp */; };
		8359006817FEF40E0060F3ED /* Zlib_Inflater.h in Headers */ = {isa = PBXBuildFile; fileRef = 8359FFDB17FEF40E0060F3ED /* Zlib_Inflater.h */; };
		8359006917FEF40E0060F3ED /* archive.cpp in Sources */ = {isa = PBXBuildFile; fileRef = 8359FFDD17FEF40E0060F3ED /* archive.cpp */; };
		8359006A17FEF40E0060F3ED /* archive.hpp in Headers */ = {isa = PBXBuildFile; fileRef = 8359FFDE17FEF40E0060F3ED /* archive.hpp */; };
		8359006B17FEF40E0060F3ED /* arcread.cpp in Sources */ = {isa = PBXBuildFile; fileRef = 8359FFDF17FEF40E0060F3ED /* arcread.cpp */; };
		8359006C17FEF40E0060F3ED /* array.hpp in Headers */ = {isa = PBXBuildFile; fileRef = 8359FFE017FEF40E0060F3ED /* array.hpp */; };
		8359006E17FEF40E0060F3ED /* coder.cpp in Sources */ = {isa = PBXBuildFile; fileRef = 8359FFE217FEF40E0060F3ED /* coder.cpp */; };
		8359006F17FEF40E0060F3ED /* coder.hpp in Headers */ = {isa = PBXBuildFile; fileRef = 8359FFE317FEF40E0060F3ED /* coder.hpp */; };
		8359007017FEF40E0060F3ED /* compress.hpp in Headers */ = {isa = PBXBuildFile; fileRef = 8359FFE417FEF40E0060F3ED /* compress.hpp */; };
		8359007117FEF40E0060F3ED /* crc.cpp in Sources */ = {isa = PBXBuildFile; fileRef = 8359FFE517FEF40E0060F3ED /* crc.cpp */; };
		8359007217FEF40E0060F3ED /* encname.cpp in Sources */ = {isa = PBXBuildFile; fileRef = 8359FFE617FEF40E0060F3ED /* encname.cpp */; };
		8359007317FEF40E0060F3ED /* encname.hpp in Headers */ = {isa = PBXBuildFile; fileRef = 8359FFE717FEF40E0060F3ED /* encname.hpp */; };
		8359007417FEF40E0060F3ED /* extract.cpp in Sources */ = {isa = PBXBuildFile; fileRef = 8359FFE817FEF40E0060F3ED /* extract.cpp */; };
		8359007517FEF40E0060F3ED /* getbits.cpp in Sources */ = {isa = PBXBuildFile; fileRef = 8359FFE917FEF40E0060F3ED /* getbits.cpp */; };
		8359007617FEF40E0060F3ED /* getbits.hpp in Headers */ = {isa = PBXBuildFile; fileRef = 8359FFEA17FEF40E0060F3ED /* getbits.hpp */; };
		8359007717FEF40E0060F3ED /* headers.hpp in Headers */ = {isa = PBXBuildFile; fileRef = 8359FFEB17FEF40E0060F3ED /* headers.hpp */; };
		8359007A17FEF40E0060F3ED /* model.hpp in Headers */ = {isa = PBXBuildFile; fileRef = 8359FFEE17FEF40E0060F3ED /* model.hpp */; };
		8359007B17FEF40E0060F3ED /* rar.hpp in Headers */ = {isa = PBXBuildFile; fileRef = 8359FFEF17FEF40E0060F3ED /* rar.hpp */; };
		8359007C17FEF40E0060F3ED /* rarvm.cpp in Sources */ = {isa = PBXBuildFile; fileRef = 8359FFF017FEF40E0060F3ED /* rarvm.cpp */; };
		8359007D17FEF40E0060F3ED /* rarvm.hpp in Headers */ = {isa = PBXBuildFile; fileRef = 8359FFF117FEF40E0060F3ED /* rarvm.hpp */; };
		8359007E17FEF40E0060F3ED /* rarvmtbl.cpp in Sources */ = {isa = PBXBuildFile; fileRef = 8359FFF217FEF40E0060F3ED /* rarvmtbl.cpp */; };
		8359007F17FEF40E0060F3ED /* rawread.cpp in Sources */ = {isa = PBXBuildFile; fileRef = 8359FFF317FEF40E0060F3ED /* rawread.cpp */; };
		8359008017FEF40E0060F3ED /* rawread.hpp in Headers */ = {isa = PBXBuildFile; fileRef = 8359FFF417FEF40E0060F3ED /* rawread.hpp */; };
		8359008317FEF40E0060F3ED /* suballoc.hpp in Headers */ = {isa = PBXBuildFile; fileRef = 8359FFF717FEF40E0060F3ED /* suballoc.hpp */; };
		8359008517FEF40E0060F3ED /* unicode.cpp in Sources */ = {isa = PBXBuildFile; fileRef = 8359FFF917FEF40E0060F3ED /* unicode.cpp */; };
		8359008617FEF40E0060F3ED /* unicode.hpp in Headers */ = {isa = PBXBuildFile; fileRef = 8359FFFA17FEF40E0060F3ED /* unicode.hpp */; };
		8359008717FEF40E0060F3ED /* unpack.cpp in Sources */ = {isa = PBXBuildFile; fileRef = 8359FFFB17FEF40E0060F3ED /* unpack.cpp */; };
		8359008817FEF40E0060F3ED /* unpack.hpp in Headers */ = {isa = PBXBuildFile; fileRef = 8359FFFC17FEF40E0060F3ED /* unpack.hpp */; };
		8359008B17FEF40E0060F3ED /* unrar.cpp in Sources */ = {isa = PBXBuildFile; fileRef = 8359FFFF17FEF40E0060F3ED /* unrar.cpp */; };
		8359008C17FEF40E0060F3ED /* unrar.h in Headers */ = {isa = PBXBuildFile; fileRef = 8359000017FEF40E0060F3ED /* unrar.h */; };
		8359008D17FEF40E0060F3ED /* unrar_misc.cpp in Sources */ = {isa = PBXBuildFile; fileRef = 8359000117FEF40E0060F3ED /* unrar_misc.cpp */; };
		8359009F17FF073E0060F3ED /* 7zStream.c in Sources */ = {isa = PBXBuildFile; fileRef = 8359009E17FF073E0060F3ED /* 7zStream.c */; };
		8359FF4A17FEF39F0060F3ED /* InfoPlist.strings in Resources */ = {isa = PBXBuildFile; fileRef = 8359FF4817FEF39F0060F3ED /* InfoPlist.strings */; };
		83756F621D23A95B003A7676 /* CoreServices.framework in Frameworks */ = {isa = PBXBuildFile; fileRef = 83756F611D23A95B003A7676 /* CoreServices.framework */; };
		83C2109719CD81F50093C461 /* headers.cpp in Sources */ = {isa = PBXBuildFile; fileRef = 83C2108E19CD81F50093C461 /* headers.cpp */; };
		83C2109819CD81F50093C461 /* headers5.hpp in Headers */ = {isa = PBXBuildFile; fileRef = 83C2108F19CD81F50093C461 /* headers5.hpp */; };
		83C2109B19CD88A30093C461 /* secpassword.cpp in Sources */ = {isa = PBXBuildFile; fileRef = 83C2109A19CD88A30093C461 /* secpassword.cpp */; };
		83C210A219CD89C70093C461 /* hash.cpp in Sources */ = {isa = PBXBuildFile; fileRef = 83C2109C19CD89C70093C461 /* hash.cpp */; };
		83C210A419CD89C70093C461 /* blake2s.cpp in Sources */ = {isa = PBXBuildFile; fileRef = 83C2109E19CD89C70093C461 /* blake2s.cpp */; };
		83C210A519CD89C70093C461 /* blake2s.hpp in Headers */ = {isa = PBXBuildFile; fileRef = 83C2109F19CD89C70093C461 /* blake2s.hpp */; };
		83C210A719CD89C70093C461 /* hash.hpp in Headers */ = {isa = PBXBuildFile; fileRef = 83C210A119CD89C70093C461 /* hash.hpp */; };
		83C210AA19CD8F8F0093C461 /* strfn.cpp in Sources */ = {isa = PBXBuildFile; fileRef = 83C210A819CD8F8F0093C461 /* strfn.cpp */; };
		83C210AB19CD8F8F0093C461 /* strfn.hpp in Headers */ = {isa = PBXBuildFile; fileRef = 83C210A919CD8F8F0093C461 /* strfn.hpp */; };
		83C210AD19CD92960093C461 /* pathfn.cpp in Sources */ = {isa = PBXBuildFile; fileRef = 83C210AC19CD92960093C461 /* pathfn.cpp */; };
		83C210B019CD97DB0093C461 /* timefn.cpp in Sources */ = {isa = PBXBuildFile; fileRef = 83C210AE19CD97DB0093C461 /* timefn.cpp */; };
		83C210B119CD97DB0093C461 /* timefn.hpp in Headers */ = {isa = PBXBuildFile; fileRef = 83C210AF19CD97DB0093C461 /* timefn.hpp */; };
/* End PBXBuildFile section */

/* Begin PBXFileReference section */
		8333B66F1DCC46BA004C140D /* libz.tbd */ = {isa = PBXFileReference; lastKnownFileType = "sourcecode.text-based-dylib-definition"; name = libz.tbd; path = usr/lib/libz.tbd; sourceTree = SDKROOT; };
		833F68401CDBCAB300AFB9F0 /* es */ = {isa = PBXFileReference; lastKnownFileType = text.plist.strings; name = es; path = es.lproj/InfoPlist.strings; sourceTree = "<group>"; };
		8359000017FEF40E0060F3ED /* unrar.h */ = {isa = PBXFileReference; fileEncoding = 4; lastKnownFileType = sourcecode.c.h; path = unrar.h; sourceTree = "<group>"; };
		8359000117FEF40E0060F3ED /* unrar_misc.cpp */ = {isa = PBXFileReference; fileEncoding = 4; lastKnownFileType = sourcecode.cpp.cpp; path = unrar_misc.cpp; sourceTree = "<group>"; };
		8359009E17FF073E0060F3ED /* 7zStream.c */ = {isa = PBXFileReference; fileEncoding = 4; lastKnownFileType = sourcecode.c.c; path = 7zStream.c; sourceTree = "<group>"; };
		8359FF3C17FEF39F0060F3ED /* File_Extractor.framework */ = {isa = PBXFileReference; explicitFileType = wrapper.framework; includeInIndex = 0; path = File_Extractor.framework; sourceTree = BUILT_PRODUCTS_DIR; };
		8359FF4717FEF39F0060F3ED /* File_Extractor-Info.plist */ = {isa = PBXFileReference; lastKnownFileType = text.plist.xml; path = "File_Extractor-Info.plist"; sourceTree = "<group>"; };
		8359FF4917FEF39F0060F3ED /* en */ = {isa = PBXFileReference; lastKnownFileType = text.plist.strings; name = en; path = en.lproj/InfoPlist.strings; sourceTree = "<group>"; };
		8359FF7417FEF40E0060F3ED /* 7z.h */ = {isa = PBXFileReference; fileEncoding = 4; lastKnownFileType = sourcecode.c.h; path = 7z.h; sourceTree = "<group>"; };
		8359FF7517FEF40E0060F3ED /* 7zAlloc.c */ = {isa = PBXFileReference; fileEncoding = 4; lastKnownFileType = sourcecode.c.c; path = 7zAlloc.c; sourceTree = "<group>"; };
		8359FF7617FEF40E0060F3ED /* 7zAlloc.h */ = {isa = PBXFileReference; fileEncoding = 4; lastKnownFileType = sourcecode.c.h; path = 7zAlloc.h; sourceTree = "<group>"; };
		8359FF7717FEF40E0060F3ED /* 7zBuf.c */ = {isa = PBXFileReference; fileEncoding = 4; lastKnownFileType = sourcecode.c.c; path = 7zBuf.c; sourceTree = "<group>"; };
		8359FF7817FEF40E0060F3ED /* 7zBuf.h */ = {isa = PBXFileReference; fileEncoding = 4; lastKnownFileType = sourcecode.c.h; path = 7zBuf.h; sourceTree = "<group>"; };
		8359FF7917FEF40E0060F3ED /* 7zBuf2.c */ = {isa = PBXFileReference; fileEncoding = 4; lastKnownFileType = sourcecode.c.c; path = 7zBuf2.c; sourceTree = "<group>"; };
		8359FF7B17FEF40E0060F3ED /* 7zCrc.c */ = {isa = PBXFileReference; fileEncoding = 4; lastKnownFileType = sourcecode.c.c; path = 7zCrc.c; sourceTree = "<group>"; };
		8359FF7C17FEF40E0060F3ED /* 7zCrc.h */ = {isa = PBXFileReference; fileEncoding = 4; lastKnownFileType = sourcecode.c.h; path = 7zCrc.h; sourceTree = "<group>"; };
		8359FF7D17FEF40E0060F3ED /* 7zCrcOpt.c */ = {isa = PBXFileReference; fileEncoding = 4; lastKnownFileType = sourcecode.c.c; path = 7zCrcOpt.c; sourceTree = "<group>"; };
		8359FF7E17FEF40E0060F3ED /* 7zDec.c */ = {isa = PBXFileReference; fileEncoding = 4; lastKnownFileType = sourcecode.c.c; path = 7zDec.c; sourceTree = "<group>"; };
		8359FF8017FEF40E0060F3ED /* 7zDecode.h */ = {isa = PBXFileReference; fileEncoding = 4; lastKnownFileType = sourcecode.c.h; path = 7zDecode.h; sourceTree = "<group>"; };
		8359FF8217FEF40E0060F3ED /* 7zExtract.h */ = {isa = PBXFileReference; fileEncoding = 4; lastKnownFileType = sourcecode.c.h; path = 7zExtract.h; sourceTree = "<group>"; };
		8359FF8417FEF40E0060F3ED /* 7zFile.h */ = {isa = PBXFileReference; fileEncoding = 4; lastKnownFileType = sourcecode.c.h; path = 7zFile.h; sourceTree = "<group>"; };
		8359FF8617FEF40E0060F3ED /* 7zHeader.h */ = {isa = PBXFileReference; fileEncoding = 4; lastKnownFileType = sourcecode.c.h; path = 7zHeader.h; sourceTree = "<group>"; };
		8359FF8717FEF40E0060F3ED /* 7zIn.c */ = {isa = PBXFileReference; fileEncoding = 4; lastKnownFileType = sourcecode.c.c; path = 7zIn.c; sourceTree = "<group>"; };
		8359FF8817FEF40E0060F3ED /* 7zIn.h */ = {isa = PBXFileReference; fileEncoding = 4; lastKnownFileType = sourcecode.c.h; path = 7zIn.h; sourceTree = "<group>"; };
		8359FF8A17FEF40E0060F3ED /* 7zItem.h */ = {isa = PBXFileReference; fileEncoding = 4; lastKnownFileType = sourcecode.c.h; path = 7zItem.h; sourceTree = "<group>"; };
		8359FF8C17FEF40E0060F3ED /* 7zTypes.h */ = {isa = PBXFileReference; fileEncoding = 4; lastKnownFileType = sourcecode.c.h; path = 7zTypes.h; sourceTree = "<group>"; };
		8359FF8D17FEF40E0060F3ED /* 7zVersion.h */ = {isa = PBXFileReference; fileEncoding = 4; lastKnownFileType = sourcecode.c.h; path = 7zVersion.h; sourceTree = "<group>"; };
		8359FF8E17FEF40E0060F3ED /* Alloc.c */ = {isa = PBXFileReference; fileEncoding = 4; lastKnownFileType = sourcecode.c.c; path = Alloc.c; sourceTree = "<group>"; };
		8359FF8F17FEF40E0060F3ED /* Alloc.h */ = {isa = PBXFileReference; fileEncoding = 4; lastKnownFileType = sourcecode.c.h; path = Alloc.h; sourceTree = "<group>"; };
		8359FF9017FEF40E0060F3ED /* Bcj2.c */ = {isa = PBXFileReference; fileEncoding = 4; lastKnownFileType = sourcecode.c.c; path = Bcj2.c; sourceTree = "<group>"; };
		8359FF9117FEF40E0060F3ED /* Bcj2.h */ = {isa = PBXFileReference; fileEncoding = 4; lastKnownFileType = sourcecode.c.h; path = Bcj2.h; sourceTree = "<group>"; };
		8359FF9217FEF40E0060F3ED /* Bra.c */ = {isa = PBXFileReference; fileEncoding = 4; lastKnownFileType = sourcecode.c.c; path = Bra.c; sourceTree = "<group>"; };
		8359FF9317FEF40E0060F3ED /* Bra.h */ = {isa = PBXFileReference; fileEncoding = 4; lastKnownFileType = sourcecode.c.h; path = Bra.h; sourceTree = "<group>"; };
		8359FF9417FEF40E0060F3ED /* Bra86.c */ = {isa = PBXFileReference; fileEncoding = 4; lastKnownFileType = sourcecode.c.c; path = Bra86.c; sourceTree = "<group>"; };
		8359FF9517FEF40E0060F3ED /* BraIA64.c */ = {isa = PBXFileReference; fileEncoding = 4; lastKnownFileType = sourcecode.c.c; path = BraIA64.c; sourceTree = "<group>"; };
		8359FF9717FEF40E0060F3ED /* CpuArch.c */ = {isa = PBXFileReference; fileEncoding = 4; lastKnownFileType = sourcecode.c.c; path = CpuArch.c; sourceTree = "<group>"; };
		8359FF9817FEF40E0060F3ED /* CpuArch.h */ = {isa = PBXFileReference; fileEncoding = 4; lastKnownFileType = sourcecode.c.h; path = CpuArch.h; sourceTree = "<group>"; };
		8359FF9917FEF40E0060F3ED /* Delta.c */ = {isa = PBXFileReference; fileEncoding = 4; lastKnownFileType = sourcecode.c.c; path = Delta.c; sourceTree = "<group>"; };
		8359FF9A17FEF40E0060F3ED /* Delta.h */ = {isa = PBXFileReference; fileEncoding = 4; lastKnownFileType = sourcecode.c.h; path = Delta.h; sourceTree = "<group>"; };
		8359FF9B17FEF40E0060F3ED /* LzFind.c */ = {isa = PBXFileReference; fileEncoding = 4; lastKnownFileType = sourcecode.c.c; path = LzFind.c; sourceTree = "<group>"; };
		8359FF9C17FEF40E0060F3ED /* LzFind.h */ = {isa = PBXFileReference; fileEncoding = 4; lastKnownFileType = sourcecode.c.h; path = LzFind.h; sourceTree = "<group>"; };
		8359FF9D17FEF40E0060F3ED /* LzFindMt.c */ = {isa = PBXFileReference; fileEncoding = 4; lastKnownFileType = sourcecode.c.c; path = LzFindMt.c; sourceTree = "<group>"; };
		8359FF9E17FEF40E0060F3ED /* LzFindMt.h */ = {isa = PBXFileReference; fileEncoding = 4; lastKnownFileType = sourcecode.c.h; path = LzFindMt.h; sourceTree = "<group>"; };
		8359FF9F17FEF40E0060F3ED /* LzHash.h */ = {isa = PBXFileReference; fileEncoding = 4; lastKnownFileType = sourcecode.c.h; path = LzHash.h; sourceTree = "<group>"; };
		8359FFA117FEF40E0060F3ED /* Lzma2Dec.c */ = {isa = PBXFileReference; fileEncoding = 4; lastKnownFileType = sourcecode.c.c; path = Lzma2Dec.c; sourceTree = "<group>"; };
		8359FFA217FEF40E0060F3ED /* Lzma2Dec.h */ = {isa = PBXFileReference; fileEncoding = 4; lastKnownFileType = sourcecode.c.h; path = Lzma2Dec.h; sourceTree = "<group>"; };
		8359FFA317FEF40E0060F3ED /* Lzma2Enc.c */ = {isa = PBXFileReference; fileEncoding = 4; lastKnownFileType = sourcecode.c.c; path = Lzma2Enc.c; sourceTree = "<group>"; };
		8359FFA417FEF40E0060F3ED /* Lzma2Enc.h */ = {isa = PBXFileReference; fileEncoding = 4; lastKnownFileType = sourcecode.c.h; path = Lzma2Enc.h; sourceTree = "<group>"; };
		8359FFA517FEF40E0060F3ED /* Lzma86.h */ = {isa = PBXFileReference; fileEncoding = 4; lastKnownFileType = sourcecode.c.h; path = Lzma86.h; sourceTree = "<group>"; };
		8359FFA617FEF40E0060F3ED /* Lzma86Dec.c */ = {isa = PBXFileReference; fileEncoding = 4; lastKnownFileType = sourcecode.c.c; path = Lzma86Dec.c; sourceTree = "<group>"; };
		8359FFA717FEF40E0060F3ED /* Lzma86Enc.c */ = {isa = PBXFileReference; fileEncoding = 4; lastKnownFileType = sourcecode.c.c; path = Lzma86Enc.c; sourceTree = "<group>"; };
		8359FFA817FEF40E0060F3ED /* LzmaDec.c */ = {isa = PBXFileReference; fileEncoding = 4; lastKnownFileType = sourcecode.c.c; path = LzmaDec.c; sourceTree = "<group>"; };
		8359FFA917FEF40E0060F3ED /* LzmaDec.h */ = {isa = PBXFileReference; fileEncoding = 4; lastKnownFileType = sourcecode.c.h; path = LzmaDec.h; sourceTree = "<group>"; };
		8359FFAA17FEF40E0060F3ED /* LzmaEnc.c */ = {isa = PBXFileReference; fileEncoding = 4; lastKnownFileType = sourcecode.c.c; path = LzmaEnc.c; sourceTree = "<group>"; };
		8359FFAB17FEF40E0060F3ED /* LzmaEnc.h */ = {isa = PBXFileReference; fileEncoding = 4; lastKnownFileType = sourcecode.c.h; path = LzmaEnc.h; sourceTree = "<group>"; };
		8359FFAC17FEF40E0060F3ED /* LzmaLib.c */ = {isa = PBXFileReference; fileEncoding = 4; lastKnownFileType = sourcecode.c.c; path = LzmaLib.c; sourceTree = "<group>"; };
		8359FFAD17FEF40E0060F3ED /* LzmaLib.h */ = {isa = PBXFileReference; fileEncoding = 4; lastKnownFileType = sourcecode.c.h; path = LzmaLib.h; sourceTree = "<group>"; };
		8359FFAE17FEF40E0060F3ED /* LzmaTypes.h */ = {isa = PBXFileReference; fileEncoding = 4; lastKnownFileType = sourcecode.c.h; path = LzmaTypes.h; sourceTree = "<group>"; };
		8359FFAF17FEF40E0060F3ED /* MtCoder.c */ = {isa = PBXFileReference; fileEncoding = 4; lastKnownFileType = sourcecode.c.c; path = MtCoder.c; sourceTree = "<group>"; };
		8359FFB017FEF40E0060F3ED /* MtCoder.h */ = {isa = PBXFileReference; fileEncoding = 4; lastKnownFileType = sourcecode.c.h; path = MtCoder.h; sourceTree = "<group>"; };
		8359FFB217FEF40E0060F3ED /* Threads.c */ = {isa = PBXFileReference; fileEncoding = 4; lastKnownFileType = sourcecode.c.c; path = Threads.c; sourceTree = "<group>"; };
		8359FFB317FEF40E0060F3ED /* Threads.h */ = {isa = PBXFileReference; fileEncoding = 4; lastKnownFileType = sourcecode.c.h; path = Threads.h; sourceTree = "<group>"; };
		8359FFB417FEF40E0060F3ED /* Ppmd.h */ = {isa = PBXFileReference; fileEncoding = 4; lastKnownFileType = sourcecode.c.h; path = Ppmd.h; sourceTree = "<group>"; };
		8359FFB517FEF40E0060F3ED /* Ppmd7.c */ = {isa = PBXFileReference; fileEncoding = 4; lastKnownFileType = sourcecode.c.c; path = Ppmd7.c; sourceTree = "<group>"; };
		8359FFB617FEF40E0060F3ED /* Ppmd7.h */ = {isa = PBXFileReference; fileEncoding = 4; lastKnownFileType = sourcecode.c.h; path = Ppmd7.h; sourceTree = "<group>"; };
		8359FFB717FEF40E0060F3ED /* Ppmd7Dec.c */ = {isa = PBXFileReference; fileEncoding = 4; lastKnownFileType = sourcecode.c.c; path = Ppmd7Dec.c; sourceTree = "<group>"; };
		8359FFB817FEF40E0060F3ED /* Ppmd7Enc.c */ = {isa = PBXFileReference; fileEncoding = 4; lastKnownFileType = sourcecode.c.c; path = Ppmd7Enc.c; sourceTree = "<group>"; };
		8359FFB917FEF40E0060F3ED /* readme.txt */ = {isa = PBXFileReference; fileEncoding = 4; lastKnownFileType = text; path = readme.txt; sourceTree = "<group>"; };
		8359FFBA17FEF40E0060F3ED /* RotateDefs.h */ = {isa = PBXFileReference; fileEncoding = 4; lastKnownFileType = sourcecode.c.h; path = RotateDefs.h; sourceTree = "<group>"; };
		8359FFBB17FEF40E0060F3ED /* Threads.h */ = {isa = PBXFileReference; fileEncoding = 4; lastKnownFileType = sourcecode.c.h; path = Threads.h; sourceTree = "<group>"; };
		8359FFBC17FEF40E0060F3ED /* Types.h */ = {isa = PBXFileReference; fileEncoding = 4; lastKnownFileType = sourcecode.c.h; path = Types.h; sourceTree = "<group>"; };
		8359FFC117FEF40E0060F3ED /* Binary_Extractor.cpp */ = {isa = PBXFileReference; fileEncoding = 4; lastKnownFileType = sourcecode.cpp.cpp; path = Binary_Extractor.cpp; sourceTree = "<group>"; };
		8359FFC217FEF40E0060F3ED /* Binary_Extractor.h */ = {isa = PBXFileReference; fileEncoding = 4; lastKnownFileType = sourcecode.c.h; path = Binary_Extractor.h; sourceTree = "<group>"; };
		8359FFC317FEF40E0060F3ED /* blargg_common.cpp */ = {isa = PBXFileReference; fileEncoding = 4; lastKnownFileType = sourcecode.cpp.cpp; path = blargg_common.cpp; sourceTree = "<group>"; };
		8359FFC417FEF40E0060F3ED /* blargg_common.h */ = {isa = PBXFileReference; fileEncoding = 4; lastKnownFileType = sourcecode.c.h; path = blargg_common.h; sourceTree = "<group>"; };
		8359FFC517FEF40E0060F3ED /* blargg_config.h */ = {isa = PBXFileReference; fileEncoding = 4; lastKnownFileType = sourcecode.c.h; path = blargg_config.h; sourceTree = "<group>"; };
		8359FFC617FEF40E0060F3ED /* blargg_endian.h */ = {isa = PBXFileReference; fileEncoding = 4; lastKnownFileType = sourcecode.c.h; path = blargg_endian.h; sourceTree = "<group>"; };
		8359FFC717FEF40E0060F3ED /* blargg_errors.cpp */ = {isa = PBXFileReference; fileEncoding = 4; lastKnownFileType = sourcecode.cpp.cpp; path = blargg_errors.cpp; sourceTree = "<group>"; };
		8359FFC817FEF40E0060F3ED /* blargg_errors.h */ = {isa = PBXFileReference; fileEncoding = 4; lastKnownFileType = sourcecode.c.h; path = blargg_errors.h; sourceTree = "<group>"; };
		8359FFC917FEF40E0060F3ED /* blargg_source.h */ = {isa = PBXFileReference; fileEncoding = 4; lastKnownFileType = sourcecode.c.h; path = blargg_source.h; sourceTree = "<group>"; };
		8359FFCA17FEF40E0060F3ED /* Data_Reader.cpp */ = {isa = PBXFileReference; fileEncoding = 4; lastKnownFileType = sourcecode.cpp.cpp; path = Data_Reader.cpp; sourceTree = "<group>"; };
		8359FFCB17FEF40E0060F3ED /* Data_Reader.h */ = {isa = PBXFileReference; fileEncoding = 4; lastKnownFileType = sourcecode.c.h; path = Data_Reader.h; sourceTree = "<group>"; };
		8359FFCC17FEF40E0060F3ED /* fex.cpp */ = {isa = PBXFileReference; fileEncoding = 4; lastKnownFileType = sourcecode.cpp.cpp; path = fex.cpp; sourceTree = "<group>"; };
		8359FFCD17FEF40E0060F3ED /* fex.h */ = {isa = PBXFileReference; fileEncoding = 4; lastKnownFileType = sourcecode.c.h; path = fex.h; sourceTree = "<group>"; };
		8359FFCE17FEF40E0060F3ED /* File_Extractor.cpp */ = {isa = PBXFileReference; fileEncoding = 4; lastKnownFileType = sourcecode.cpp.cpp; path = File_Extractor.cpp; sourceTree = "<group>"; };
		8359FFCF17FEF40E0060F3ED /* File_Extractor.h */ = {isa = PBXFileReference; fileEncoding = 4; lastKnownFileType = sourcecode.c.h; path = File_Extractor.h; sourceTree = "<group>"; };
		8359FFD017FEF40E0060F3ED /* Gzip_Extractor.cpp */ = {isa = PBXFileReference; fileEncoding = 4; lastKnownFileType = sourcecode.cpp.cpp; path = Gzip_Extractor.cpp; sourceTree = "<group>"; };
		8359FFD117FEF40E0060F3ED /* Gzip_Extractor.h */ = {isa = PBXFileReference; fileEncoding = 4; lastKnownFileType = sourcecode.c.h; path = Gzip_Extractor.h; sourceTree = "<group>"; };
		8359FFD217FEF40E0060F3ED /* Gzip_Reader.cpp */ = {isa = PBXFileReference; fileEncoding = 4; lastKnownFileType = sourcecode.cpp.cpp; path = Gzip_Reader.cpp; sourceTree = "<group>"; };
		8359FFD317FEF40E0060F3ED /* Gzip_Reader.h */ = {isa = PBXFileReference; fileEncoding = 4; lastKnownFileType = sourcecode.c.h; path = Gzip_Reader.h; sourceTree = "<group>"; };
		8359FFD417FEF40E0060F3ED /* Rar_Extractor.cpp */ = {isa = PBXFileReference; fileEncoding = 4; lastKnownFileType = sourcecode.cpp.cpp; path = Rar_Extractor.cpp; sourceTree = "<group>"; };
		8359FFD517FEF40E0060F3ED /* Rar_Extractor.h */ = {isa = PBXFileReference; fileEncoding = 4; lastKnownFileType = sourcecode.c.h; path = Rar_Extractor.h; sourceTree = "<group>"; };
		8359FFD617FEF40E0060F3ED /* Zip7_Extractor.cpp */ = {isa = PBXFileReference; fileEncoding = 4; lastKnownFileType = sourcecode.cpp.cpp; path = Zip7_Extractor.cpp; sourceTree = "<group>"; };
		8359FFD717FEF40E0060F3ED /* Zip7_Extractor.h */ = {isa = PBXFileReference; fileEncoding = 4; lastKnownFileType = sourcecode.c.h; path = Zip7_Extractor.h; sourceTree = "<group>"; };
		8359FFD817FEF40E0060F3ED /* Zip_Extractor.cpp */ = {isa = PBXFileReference; fileEncoding = 4; lastKnownFileType = sourcecode.cpp.cpp; path = Zip_Extractor.cpp; sourceTree = "<group>"; };
		8359FFD917FEF40E0060F3ED /* Zip_Extractor.h */ = {isa = PBXFileReference; fileEncoding = 4; lastKnownFileType = sourcecode.c.h; path = Zip_Extractor.h; sourceTree = "<group>"; };
		8359FFDA17FEF40E0060F3ED /* Zlib_Inflater.cpp */ = {isa = PBXFileReference; fileEncoding = 4; lastKnownFileType = sourcecode.cpp.cpp; path = Zlib_Inflater.cpp; sourceTree = "<group>"; };
		8359FFDB17FEF40E0060F3ED /* Zlib_Inflater.h */ = {isa = PBXFileReference; fileEncoding = 4; lastKnownFileType = sourcecode.c.h; path = Zlib_Inflater.h; sourceTree = "<group>"; };
		8359FFDD17FEF40E0060F3ED /* archive.cpp */ = {isa = PBXFileReference; fileEncoding = 4; lastKnownFileType = sourcecode.cpp.cpp; path = archive.cpp; sourceTree = "<group>"; };
		8359FFDE17FEF40E0060F3ED /* archive.hpp */ = {isa = PBXFileReference; fileEncoding = 4; lastKnownFileType = sourcecode.cpp.h; path = archive.hpp; sourceTree = "<group>"; };
		8359FFDF17FEF40E0060F3ED /* arcread.cpp */ = {isa = PBXFileReference; fileEncoding = 4; lastKnownFileType = sourcecode.cpp.cpp; path = arcread.cpp; sourceTree = "<group>"; };
		8359FFE017FEF40E0060F3ED /* array.hpp */ = {isa = PBXFileReference; fileEncoding = 4; lastKnownFileType = sourcecode.cpp.h; path = array.hpp; sourceTree = "<group>"; };
		8359FFE217FEF40E0060F3ED /* coder.cpp */ = {isa = PBXFileReference; fileEncoding = 4; lastKnownFileType = sourcecode.cpp.cpp; path = coder.cpp; sourceTree = "<group>"; };
		8359FFE317FEF40E0060F3ED /* coder.hpp */ = {isa = PBXFileReference; fileEncoding = 4; lastKnownFileType = sourcecode.cpp.h; path = coder.hpp; sourceTree = "<group>"; };
		8359FFE417FEF40E0060F3ED /* compress.hpp */ = {isa = PBXFileReference; fileEncoding = 4; lastKnownFileType = sourcecode.cpp.h; path = compress.hpp; sourceTree = "<group>"; };
		8359FFE517FEF40E0060F3ED /* crc.cpp */ = {isa = PBXFileReference; fileEncoding = 4; lastKnownFileType = sourcecode.cpp.cpp; path = crc.cpp; sourceTree = "<group>"; };
		8359FFE617FEF40E0060F3ED /* encname.cpp */ = {isa = PBXFileReference; fileEncoding = 4; lastKnownFileType = sourcecode.cpp.cpp; path = encname.cpp; sourceTree = "<group>"; };
		8359FFE717FEF40E0060F3ED /* encname.hpp */ = {isa = PBXFileReference; fileEncoding = 4; lastKnownFileType = sourcecode.cpp.h; path = encname.hpp; sourceTree = "<group>"; };
		8359FFE817FEF40E0060F3ED /* extract.cpp */ = {isa = PBXFileReference; fileEncoding = 4; lastKnownFileType = sourcecode.cpp.cpp; path = extract.cpp; sourceTree = "<group>"; };
		8359FFE917FEF40E0060F3ED /* getbits.cpp */ = {isa = PBXFileReference; fileEncoding = 4; lastKnownFileType = sourcecode.cpp.cpp; path = getbits.cpp; sourceTree = "<group>"; };
		8359FFEA17FEF40E0060F3ED /* getbits.hpp */ = {isa = PBXFileReference; fileEncoding = 4; lastKnownFileType = sourcecode.cpp.h; path = getbits.hpp; sourceTree = "<group>"; };
		8359FFEB17FEF40E0060F3ED /* headers.hpp */ = {isa = PBXFileReference; fileEncoding = 4; lastKnownFileType = sourcecode.cpp.h; path = headers.hpp; sourceTree = "<group>"; };
		8359FFEE17FEF40E0060F3ED /* model.hpp */ = {isa = PBXFileReference; fileEncoding = 4; lastKnownFileType = sourcecode.cpp.h; path = model.hpp; sourceTree = "<group>"; };
		8359FFEF17FEF40E0060F3ED /* rar.hpp */ = {isa = PBXFileReference; fileEncoding = 4; lastKnownFileType = sourcecode.cpp.h; path = rar.hpp; sourceTree = "<group>"; };
		8359FFF017FEF40E0060F3ED /* rarvm.cpp */ = {isa = PBXFileReference; fileEncoding = 4; lastKnownFileType = sourcecode.cpp.cpp; path = rarvm.cpp; sourceTree = "<group>"; };
		8359FFF117FEF40E0060F3ED /* rarvm.hpp */ = {isa = PBXFileReference; fileEncoding = 4; lastKnownFileType = sourcecode.cpp.h; path = rarvm.hpp; sourceTree = "<group>"; };
		8359FFF217FEF40E0060F3ED /* rarvmtbl.cpp */ = {isa = PBXFileReference; fileEncoding = 4; lastKnownFileType = sourcecode.cpp.cpp; path = rarvmtbl.cpp; sourceTree = "<group>"; };
		8359FFF317FEF40E0060F3ED /* rawread.cpp */ = {isa = PBXFileReference; fileEncoding = 4; lastKnownFileType = sourcecode.cpp.cpp; path = rawread.cpp; sourceTree = "<group>"; };
		8359FFF417FEF40E0060F3ED /* rawread.hpp */ = {isa = PBXFileReference; fileEncoding = 4; lastKnownFileType = sourcecode.cpp.h; path = rawread.hpp; sourceTree = "<group>"; };
		8359FFF717FEF40E0060F3ED /* suballoc.hpp */ = {isa = PBXFileReference; fileEncoding = 4; lastKnownFileType = sourcecode.cpp.h; path = suballoc.hpp; sourceTree = "<group>"; };
		8359FFF917FEF40E0060F3ED /* unicode.cpp */ = {isa = PBXFileReference; fileEncoding = 4; lastKnownFileType = sourcecode.cpp.cpp; path = unicode.cpp; sourceTree = "<group>"; };
		8359FFFA17FEF40E0060F3ED /* unicode.hpp */ = {isa = PBXFileReference; fileEncoding = 4; lastKnownFileType = sourcecode.cpp.h; path = unicode.hpp; sourceTree = "<group>"; };
		8359FFFB17FEF40E0060F3ED /* unpack.cpp */ = {isa = PBXFileReference; fileEncoding = 4; lastKnownFileType = sourcecode.cpp.cpp; path = unpack.cpp; sourceTree = "<group>"; };
		8359FFFC17FEF40E0060F3ED /* unpack.hpp */ = {isa = PBXFileReference; fileEncoding = 4; lastKnownFileType = sourcecode.cpp.h; path = unpack.hpp; sourceTree = "<group>"; };
		8359FFFF17FEF40E0060F3ED /* unrar.cpp */ = {isa = PBXFileReference; fileEncoding = 4; lastKnownFileType = sourcecode.cpp.cpp; path = unrar.cpp; sourceTree = "<group>"; };
		83747BE12862D78E0021245F /* Shared.xcconfig */ = {isa = PBXFileReference; fileEncoding = 4; lastKnownFileType = text.xcconfig; path = Shared.xcconfig; sourceTree = "<group>"; };
		83756F611D23A95B003A7676 /* CoreServices.framework */ = {isa = PBXFileReference; lastKnownFileType = wrapper.framework; name = CoreServices.framework; path = System/Library/Frameworks/CoreServices.framework; sourceTree = SDKROOT; };
		838EE8B929A8600900CD0580 /* tr */ = {isa = PBXFileReference; lastKnownFileType = text.plist.strings; name = tr; path = tr.lproj/InfoPlist.strings; sourceTree = "<group>"; };
		83C2108E19CD81F50093C461 /* headers.cpp */ = {isa = PBXFileReference; fileEncoding = 4; lastKnownFileType = sourcecode.cpp.cpp; path = headers.cpp; sourceTree = "<group>"; };
		83C2108F19CD81F50093C461 /* headers5.hpp */ = {isa = PBXFileReference; fileEncoding = 4; lastKnownFileType = sourcecode.cpp.h; path = headers5.hpp; sourceTree = "<group>"; };
		83C2109A19CD88A30093C461 /* secpassword.cpp */ = {isa = PBXFileReference; fileEncoding = 4; lastKnownFileType = sourcecode.cpp.cpp; path = secpassword.cpp; sourceTree = "<group>"; };
		83C2109C19CD89C70093C461 /* hash.cpp */ = {isa = PBXFileReference; fileEncoding = 4; lastKnownFileType = sourcecode.cpp.cpp; path = hash.cpp; sourceTree = "<group>"; };
		83C2109E19CD89C70093C461 /* blake2s.cpp */ = {isa = PBXFileReference; fileEncoding = 4; lastKnownFileType = sourcecode.cpp.cpp; path = blake2s.cpp; sourceTree = "<group>"; };
		83C2109F19CD89C70093C461 /* blake2s.hpp */ = {isa = PBXFileReference; fileEncoding = 4; lastKnownFileType = sourcecode.cpp.h; path = blake2s.hpp; sourceTree = "<group>"; };
		83C210A119CD89C70093C461 /* hash.hpp */ = {isa = PBXFileReference; fileEncoding = 4; lastKnownFileType = sourcecode.cpp.h; path = hash.hpp; sourceTree = "<group>"; };
		83C210A819CD8F8F0093C461 /* strfn.cpp */ = {isa = PBXFileReference; fileEncoding = 4; lastKnownFileType = sourcecode.cpp.cpp; path = strfn.cpp; sourceTree = "<group>"; };
		83C210A919CD8F8F0093C461 /* strfn.hpp */ = {isa = PBXFileReference; fileEncoding = 4; lastKnownFileType = sourcecode.cpp.h; path = strfn.hpp; sourceTree = "<group>"; };
		83C210AC19CD92960093C461 /* pathfn.cpp */ = {isa = PBXFileReference; fileEncoding = 4; lastKnownFileType = sourcecode.cpp.cpp; path = pathfn.cpp; sourceTree = "<group>"; };
		83C210AE19CD97DB0093C461 /* timefn.cpp */ = {isa = PBXFileReference; fileEncoding = 4; lastKnownFileType = sourcecode.cpp.cpp; path = timefn.cpp; sourceTree = "<group>"; };
		83C210AF19CD97DB0093C461 /* timefn.hpp */ = {isa = PBXFileReference; fileEncoding = 4; lastKnownFileType = sourcecode.cpp.h; path = timefn.hpp; sourceTree = "<group>"; };
		83F0E6B3287CAB4100D84594 /* pl */ = {isa = PBXFileReference; lastKnownFileType = text.plist.strings; name = pl; path = pl.lproj/InfoPlist.strings; sourceTree = "<group>"; };
/* End PBXFileReference section */

/* Begin PBXFrameworksBuildPhase section */
		8359FF3817FEF39F0060F3ED /* Frameworks */ = {
			isa = PBXFrameworksBuildPhase;
			buildActionMask = 2147483647;
			files = (
				8333B6701DCC46BA004C140D /* libz.tbd in Frameworks */,
				83756F621D23A95B003A7676 /* CoreServices.framework in Frameworks */,
			);
			runOnlyForDeploymentPostprocessing = 0;
		};
/* End PBXFrameworksBuildPhase section */

/* Begin PBXGroup section */
		8359FF3217FEF39F0060F3ED = {
			isa = PBXGroup;
			children = (
				83747BE02862D78E0021245F /* Xcode-config */,
				8359FF4517FEF39F0060F3ED /* File_Extractor */,
				8359FF3E17FEF39F0060F3ED /* Frameworks */,
				8359FF3D17FEF39F0060F3ED /* Products */,
			);
			sourceTree = "<group>";
		};
		8359FF3D17FEF39F0060F3ED /* Products */ = {
			isa = PBXGroup;
			children = (
				8359FF3C17FEF39F0060F3ED /* File_Extractor.framework */,
			);
			name = Products;
			sourceTree = "<group>";
		};
		8359FF3E17FEF39F0060F3ED /* Frameworks */ = {
			isa = PBXGroup;
			children = (
				8333B66F1DCC46BA004C140D /* libz.tbd */,
				83756F611D23A95B003A7676 /* CoreServices.framework */,
				8359FF4117FEF39F0060F3ED /* Other Frameworks */,
			);
			name = Frameworks;
			sourceTree = "<group>";
		};
		8359FF4117FEF39F0060F3ED /* Other Frameworks */ = {
			isa = PBXGroup;
			children = (
			);
			name = "Other Frameworks";
			sourceTree = "<group>";
		};
		8359FF4517FEF39F0060F3ED /* File_Extractor */ = {
			isa = PBXGroup;
			children = (
				8359FF7317FEF40E0060F3ED /* 7z_C */,
				8359FFC017FEF40E0060F3ED /* fex */,
				8359FFDC17FEF40E0060F3ED /* unrar */,
				8359FF4617FEF39F0060F3ED /* Supporting Files */,
			);
			path = File_Extractor;
			sourceTree = "<group>";
		};
		8359FF4617FEF39F0060F3ED /* Supporting Files */ = {
			isa = PBXGroup;
			children = (
				8359FF4717FEF39F0060F3ED /* File_Extractor-Info.plist */,
				8359FF4817FEF39F0060F3ED /* InfoPlist.strings */,
			);
			name = "Supporting Files";
			sourceTree = "<group>";
		};
		8359FF7317FEF40E0060F3ED /* 7z_C */ = {
			isa = PBXGroup;
			children = (
				8359009E17FF073E0060F3ED /* 7zStream.c */,
				8359FF7417FEF40E0060F3ED /* 7z.h */,
				8359FF7517FEF40E0060F3ED /* 7zAlloc.c */,
				8359FF7617FEF40E0060F3ED /* 7zAlloc.h */,
				8359FF7717FEF40E0060F3ED /* 7zBuf.c */,
				8359FF7817FEF40E0060F3ED /* 7zBuf.h */,
				8359FF7917FEF40E0060F3ED /* 7zBuf2.c */,
				8359FF7B17FEF40E0060F3ED /* 7zCrc.c */,
				8359FF7C17FEF40E0060F3ED /* 7zCrc.h */,
				8359FF7D17FEF40E0060F3ED /* 7zCrcOpt.c */,
				8359FF7E17FEF40E0060F3ED /* 7zDec.c */,
				8359FF8017FEF40E0060F3ED /* 7zDecode.h */,
				8359FF8217FEF40E0060F3ED /* 7zExtract.h */,
				8359FF8417FEF40E0060F3ED /* 7zFile.h */,
				8359FF8617FEF40E0060F3ED /* 7zHeader.h */,
				8359FF8717FEF40E0060F3ED /* 7zIn.c */,
				8359FF8817FEF40E0060F3ED /* 7zIn.h */,
				8359FF8A17FEF40E0060F3ED /* 7zItem.h */,
				8359FF8C17FEF40E0060F3ED /* 7zTypes.h */,
				8359FF8D17FEF40E0060F3ED /* 7zVersion.h */,
				8359FF8E17FEF40E0060F3ED /* Alloc.c */,
				8359FF8F17FEF40E0060F3ED /* Alloc.h */,
				8359FF9017FEF40E0060F3ED /* Bcj2.c */,
				8359FF9117FEF40E0060F3ED /* Bcj2.h */,
				8359FF9217FEF40E0060F3ED /* Bra.c */,
				8359FF9317FEF40E0060F3ED /* Bra.h */,
				8359FF9417FEF40E0060F3ED /* Bra86.c */,
				8359FF9517FEF40E0060F3ED /* BraIA64.c */,
				8359FF9717FEF40E0060F3ED /* CpuArch.c */,
				8359FF9817FEF40E0060F3ED /* CpuArch.h */,
				8359FF9917FEF40E0060F3ED /* Delta.c */,
				8359FF9A17FEF40E0060F3ED /* Delta.h */,
				8359FF9B17FEF40E0060F3ED /* LzFind.c */,
				8359FF9C17FEF40E0060F3ED /* LzFind.h */,
				8359FF9D17FEF40E0060F3ED /* LzFindMt.c */,
				8359FF9E17FEF40E0060F3ED /* LzFindMt.h */,
				8359FF9F17FEF40E0060F3ED /* LzHash.h */,
				8359FFA117FEF40E0060F3ED /* Lzma2Dec.c */,
				8359FFA217FEF40E0060F3ED /* Lzma2Dec.h */,
				8359FFA317FEF40E0060F3ED /* Lzma2Enc.c */,
				8359FFA417FEF40E0060F3ED /* Lzma2Enc.h */,
				8359FFA517FEF40E0060F3ED /* Lzma86.h */,
				8359FFA617FEF40E0060F3ED /* Lzma86Dec.c */,
				8359FFA717FEF40E0060F3ED /* Lzma86Enc.c */,
				8359FFA817FEF40E0060F3ED /* LzmaDec.c */,
				8359FFA917FEF40E0060F3ED /* LzmaDec.h */,
				8359FFAA17FEF40E0060F3ED /* LzmaEnc.c */,
				8359FFAB17FEF40E0060F3ED /* LzmaEnc.h */,
				8359FFAC17FEF40E0060F3ED /* LzmaLib.c */,
				8359FFAD17FEF40E0060F3ED /* LzmaLib.h */,
				8359FFAE17FEF40E0060F3ED /* LzmaTypes.h */,
				8359FFAF17FEF40E0060F3ED /* MtCoder.c */,
				8359FFB017FEF40E0060F3ED /* MtCoder.h */,
				8359FFB117FEF40E0060F3ED /* posix */,
				8359FFB417FEF40E0060F3ED /* Ppmd.h */,
				8359FFB517FEF40E0060F3ED /* Ppmd7.c */,
				8359FFB617FEF40E0060F3ED /* Ppmd7.h */,
				8359FFB717FEF40E0060F3ED /* Ppmd7Dec.c */,
				8359FFB817FEF40E0060F3ED /* Ppmd7Enc.c */,
				8359FFB917FEF40E0060F3ED /* readme.txt */,
				8359FFBA17FEF40E0060F3ED /* RotateDefs.h */,
				8359FFBB17FEF40E0060F3ED /* Threads.h */,
				8359FFBC17FEF40E0060F3ED /* Types.h */,
			);
			path = 7z_C;
			sourceTree = "<group>";
		};
		8359FFB117FEF40E0060F3ED /* posix */ = {
			isa = PBXGroup;
			children = (
				8359FFB217FEF40E0060F3ED /* Threads.c */,
				8359FFB317FEF40E0060F3ED /* Threads.h */,
			);
			path = posix;
			sourceTree = "<group>";
		};
		8359FFC017FEF40E0060F3ED /* fex */ = {
			isa = PBXGroup;
			children = (
				8359FFC117FEF40E0060F3ED /* Binary_Extractor.cpp */,
				8359FFC217FEF40E0060F3ED /* Binary_Extractor.h */,
				8359FFC317FEF40E0060F3ED /* blargg_common.cpp */,
				8359FFC417FEF40E0060F3ED /* blargg_common.h */,
				8359FFC517FEF40E0060F3ED /* blargg_config.h */,
				8359FFC617FEF40E0060F3ED /* blargg_endian.h */,
				8359FFC717FEF40E0060F3ED /* blargg_errors.cpp */,
				8359FFC817FEF40E0060F3ED /* blargg_errors.h */,
				8359FFC917FEF40E0060F3ED /* blargg_source.h */,
				8359FFCA17FEF40E0060F3ED /* Data_Reader.cpp */,
				8359FFCB17FEF40E0060F3ED /* Data_Reader.h */,
				8359FFCC17FEF40E0060F3ED /* fex.cpp */,
				8359FFCD17FEF40E0060F3ED /* fex.h */,
				8359FFCE17FEF40E0060F3ED /* File_Extractor.cpp */,
				8359FFCF17FEF40E0060F3ED /* File_Extractor.h */,
				8359FFD017FEF40E0060F3ED /* Gzip_Extractor.cpp */,
				8359FFD117FEF40E0060F3ED /* Gzip_Extractor.h */,
				8359FFD217FEF40E0060F3ED /* Gzip_Reader.cpp */,
				8359FFD317FEF40E0060F3ED /* Gzip_Reader.h */,
				8359FFD417FEF40E0060F3ED /* Rar_Extractor.cpp */,
				8359FFD517FEF40E0060F3ED /* Rar_Extractor.h */,
				8359FFD617FEF40E0060F3ED /* Zip7_Extractor.cpp */,
				8359FFD717FEF40E0060F3ED /* Zip7_Extractor.h */,
				8359FFD817FEF40E0060F3ED /* Zip_Extractor.cpp */,
				8359FFD917FEF40E0060F3ED /* Zip_Extractor.h */,
				8359FFDA17FEF40E0060F3ED /* Zlib_Inflater.cpp */,
				8359FFDB17FEF40E0060F3ED /* Zlib_Inflater.h */,
			);
			path = fex;
			sourceTree = "<group>";
		};
		8359FFDC17FEF40E0060F3ED /* unrar */ = {
			isa = PBXGroup;
			children = (
				83C210AE19CD97DB0093C461 /* timefn.cpp */,
				83C210AF19CD97DB0093C461 /* timefn.hpp */,
				83C210AC19CD92960093C461 /* pathfn.cpp */,
				83C210A819CD8F8F0093C461 /* strfn.cpp */,
				83C210A919CD8F8F0093C461 /* strfn.hpp */,
				83C2109C19CD89C70093C461 /* hash.cpp */,
				83C2109E19CD89C70093C461 /* blake2s.cpp */,
				83C2109F19CD89C70093C461 /* blake2s.hpp */,
				83C210A119CD89C70093C461 /* hash.hpp */,
				83C2109A19CD88A30093C461 /* secpassword.cpp */,
				83C2108E19CD81F50093C461 /* headers.cpp */,
				83C2108F19CD81F50093C461 /* headers5.hpp */,
				8359FFDD17FEF40E0060F3ED /* archive.cpp */,
				8359FFDE17FEF40E0060F3ED /* archive.hpp */,
				8359FFDF17FEF40E0060F3ED /* arcread.cpp */,
				8359FFE017FEF40E0060F3ED /* array.hpp */,
				8359FFE217FEF40E0060F3ED /* coder.cpp */,
				8359FFE317FEF40E0060F3ED /* coder.hpp */,
				8359FFE417FEF40E0060F3ED /* compress.hpp */,
				8359FFE517FEF40E0060F3ED /* crc.cpp */,
				8359FFE617FEF40E0060F3ED /* encname.cpp */,
				8359FFE717FEF40E0060F3ED /* encname.hpp */,
				8359FFE817FEF40E0060F3ED /* extract.cpp */,
				8359FFE917FEF40E0060F3ED /* getbits.cpp */,
				8359FFEA17FEF40E0060F3ED /* getbits.hpp */,
				8359FFEB17FEF40E0060F3ED /* headers.hpp */,
				8359FFEE17FEF40E0060F3ED /* model.hpp */,
				8359FFEF17FEF40E0060F3ED /* rar.hpp */,
				8359FFF017FEF40E0060F3ED /* rarvm.cpp */,
				8359FFF117FEF40E0060F3ED /* rarvm.hpp */,
				8359FFF217FEF40E0060F3ED /* rarvmtbl.cpp */,
				8359FFF317FEF40E0060F3ED /* rawread.cpp */,
				8359FFF417FEF40E0060F3ED /* rawread.hpp */,
				8359FFF717FEF40E0060F3ED /* suballoc.hpp */,
				8359FFF917FEF40E0060F3ED /* unicode.cpp */,
				8359FFFA17FEF40E0060F3ED /* unicode.hpp */,
				8359FFFB17FEF40E0060F3ED /* unpack.cpp */,
				8359FFFC17FEF40E0060F3ED /* unpack.hpp */,
				8359FFFF17FEF40E0060F3ED /* unrar.cpp */,
				8359000017FEF40E0060F3ED /* unrar.h */,
				8359000117FEF40E0060F3ED /* unrar_misc.cpp */,
			);
			path = unrar;
			sourceTree = "<group>";
		};
		83747BE02862D78E0021245F /* Xcode-config */ = {
			isa = PBXGroup;
			children = (
				83747BE12862D78E0021245F /* Shared.xcconfig */,
			);
			name = "Xcode-config";
			path = "../../Xcode-config";
			sourceTree = "<group>";
		};
/* End PBXGroup section */

/* Begin PBXHeadersBuildPhase section */
		8359FF3917FEF39F0060F3ED /* Headers */ = {
			isa = PBXHeadersBuildPhase;
			buildActionMask = 2147483647;
			files = (
				8359005A17FEF40E0060F3ED /* fex.h in Headers */,
				8359005517FEF40E0060F3ED /* blargg_errors.h in Headers */,
				8359003417FEF40E0060F3ED /* Lzma2Enc.h in Headers */,
				8359008817FEF40E0060F3ED /* unpack.hpp in Headers */,
				83C210AB19CD8F8F0093C461 /* strfn.hpp in Headers */,
				83C210A719CD89C70093C461 /* hash.hpp in Headers */,
				8359001817FEF40E0060F3ED /* 7zIn.h in Headers */,
				8359003D17FEF40E0060F3ED /* LzmaLib.h in Headers */,
				8359001417FEF40E0060F3ED /* 7zFile.h in Headers */,
				8359000817FEF40E0060F3ED /* 7zBuf.h in Headers */,
				8359006217FEF40E0060F3ED /* Rar_Extractor.h in Headers */,
				8359002A17FEF40E0060F3ED /* Delta.h in Headers */,
				8359006A17FEF40E0060F3ED /* archive.hpp in Headers */,
				8359008C17FEF40E0060F3ED /* unrar.h in Headers */,
				8359002E17FEF40E0060F3ED /* LzFindMt.h in Headers */,
				8359001F17FEF40E0060F3ED /* Alloc.h in Headers */,
				8359003517FEF40E0060F3ED /* Lzma86.h in Headers */,
				8359002C17FEF40E0060F3ED /* LzFind.h in Headers */,
				8359001617FEF40E0060F3ED /* 7zHeader.h in Headers */,
				8359005617FEF40E0060F3ED /* blargg_source.h in Headers */,
				8359005C17FEF40E0060F3ED /* File_Extractor.h in Headers */,
				8359003217FEF40E0060F3ED /* Lzma2Dec.h in Headers */,
				8359002F17FEF40E0060F3ED /* LzHash.h in Headers */,
				8359002817FEF40E0060F3ED /* CpuArch.h in Headers */,
				8359002117FEF40E0060F3ED /* Bcj2.h in Headers */,
				8359005E17FEF40E0060F3ED /* Gzip_Extractor.h in Headers */,
				8359004317FEF40E0060F3ED /* Ppmd.h in Headers */,
				8359003B17FEF40E0060F3ED /* LzmaEnc.h in Headers */,
				8359006617FEF40E0060F3ED /* Zip_Extractor.h in Headers */,
				8359002317FEF40E0060F3ED /* Bra.h in Headers */,
				8359006817FEF40E0060F3ED /* Zlib_Inflater.h in Headers */,
				8359006C17FEF40E0060F3ED /* array.hpp in Headers */,
				8359007617FEF40E0060F3ED /* getbits.hpp in Headers */,
				8359001A17FEF40E0060F3ED /* 7zItem.h in Headers */,
				8359007B17FEF40E0060F3ED /* rar.hpp in Headers */,
				83C210B119CD97DB0093C461 /* timefn.hpp in Headers */,
				8359004917FEF40E0060F3ED /* RotateDefs.h in Headers */,
				83C2109819CD81F50093C461 /* headers5.hpp in Headers */,
				8359000417FEF40E0060F3ED /* 7z.h in Headers */,
				8359004A17FEF40E0060F3ED /* Threads.h in Headers */,
				8359006417FEF40E0060F3ED /* Zip7_Extractor.h in Headers */,
				8359004517FEF40E0060F3ED /* Ppmd7.h in Headers */,
				8359000C17FEF40E0060F3ED /* 7zCrc.h in Headers */,
				8359004B17FEF40E0060F3ED /* Types.h in Headers */,
				8359004217FEF40E0060F3ED /* Threads.h in Headers */,
				8359001217FEF40E0060F3ED /* 7zExtract.h in Headers */,
				8359001D17FEF40E0060F3ED /* 7zVersion.h in Headers */,
				8359000617FEF40E0060F3ED /* 7zAlloc.h in Headers */,
				8359007A17FEF40E0060F3ED /* model.hpp in Headers */,
				8359008017FEF40E0060F3ED /* rawread.hpp in Headers */,
				8359008317FEF40E0060F3ED /* suballoc.hpp in Headers */,
				8359005817FEF40E0060F3ED /* Data_Reader.h in Headers */,
				83C210A519CD89C70093C461 /* blake2s.hpp in Headers */,
				8359007D17FEF40E0060F3ED /* rarvm.hpp in Headers */,
				8359005217FEF40E0060F3ED /* blargg_config.h in Headers */,
				8359006017FEF40E0060F3ED /* Gzip_Reader.h in Headers */,
				8359007017FEF40E0060F3ED /* compress.hpp in Headers */,
				8359003E17FEF40E0060F3ED /* LzmaTypes.h in Headers */,
				8359005317FEF40E0060F3ED /* blargg_endian.h in Headers */,
				8359008617FEF40E0060F3ED /* unicode.hpp in Headers */,
				8359006F17FEF40E0060F3ED /* coder.hpp in Headers */,
				8359007317FEF40E0060F3ED /* encname.hpp in Headers */,
				8359001C17FEF40E0060F3ED /* 7zTypes.h in Headers */,
				8359004F17FEF40E0060F3ED /* Binary_Extractor.h in Headers */,
				8359004017FEF40E0060F3ED /* MtCoder.h in Headers */,
				8359005117FEF40E0060F3ED /* blargg_common.h in Headers */,
				8359001017FEF40E0060F3ED /* 7zDecode.h in Headers */,
				8359003917FEF40E0060F3ED /* LzmaDec.h in Headers */,
				8359007717FEF40E0060F3ED /* headers.hpp in Headers */,
			);
			runOnlyForDeploymentPostprocessing = 0;
		};
/* End PBXHeadersBuildPhase section */

/* Begin PBXNativeTarget section */
		8359FF3B17FEF39F0060F3ED /* File_Extractor */ = {
			isa = PBXNativeTarget;
			buildConfigurationList = 8359FF6417FEF39F0060F3ED /* Build configuration list for PBXNativeTarget "File_Extractor" */;
			buildPhases = (
				8359FF3717FEF39F0060F3ED /* Sources */,
				8359FF3817FEF39F0060F3ED /* Frameworks */,
				8359FF3917FEF39F0060F3ED /* Headers */,
				8359FF3A17FEF39F0060F3ED /* Resources */,
			);
			buildRules = (
			);
			dependencies = (
			);
			name = File_Extractor;
			productName = File_Extractor;
			productReference = 8359FF3C17FEF39F0060F3ED /* File_Extractor.framework */;
			productType = "com.apple.product-type.framework";
		};
/* End PBXNativeTarget section */

/* Begin PBXProject section */
		8359FF3317FEF39F0060F3ED /* Project object */ = {
			isa = PBXProject;
			attributes = {
				BuildIndependentTargetsInParallel = YES;
				LastUpgradeCheck = 2600;
				ORGANIZATIONNAME = "";
			};
			buildConfigurationList = 8359FF3617FEF39F0060F3ED /* Build configuration list for PBXProject "File_Extractor" */;
			compatibilityVersion = "Xcode 12.0";
			developmentRegion = en;
			hasScannedForEncodings = 0;
			knownRegions = (
				en,
				es,
				Base,
				pl,
				tr,
			);
			mainGroup = 8359FF3217FEF39F0060F3ED;
			productRefGroup = 8359FF3D17FEF39F0060F3ED /* Products */;
			projectDirPath = "";
			projectRoot = "";
			targets = (
				8359FF3B17FEF39F0060F3ED /* File_Extractor */,
			);
		};
/* End PBXProject section */

/* Begin PBXResourcesBuildPhase section */
		8359FF3A17FEF39F0060F3ED /* Resources */ = {
			isa = PBXResourcesBuildPhase;
			buildActionMask = 2147483647;
			files = (
				8359FF4A17FEF39F0060F3ED /* InfoPlist.strings in Resources */,
			);
			runOnlyForDeploymentPostprocessing = 0;
		};
/* End PBXResourcesBuildPhase section */

/* Begin PBXSourcesBuildPhase section */
		8359FF3717FEF39F0060F3ED /* Sources */ = {
			isa = PBXSourcesBuildPhase;
			buildActionMask = 2147483647;
			files = (
				8359004417FEF40E0060F3ED /* Ppmd7.c in Sources */,
				8359002017FEF40E0060F3ED /* Bcj2.c in Sources */,
				8359006B17FEF40E0060F3ED /* arcread.cpp in Sources */,
				8359002B17FEF40E0060F3ED /* LzFind.c in Sources */,
				8359005417FEF40E0060F3ED /* blargg_errors.cpp in Sources */,
				8359006E17FEF40E0060F3ED /* coder.cpp in Sources */,
				8359003817FEF40E0060F3ED /* LzmaDec.c in Sources */,
				8359005717FEF40E0060F3ED /* Data_Reader.cpp in Sources */,
				8359005D17FEF40E0060F3ED /* Gzip_Extractor.cpp in Sources */,
				8359001717FEF40E0060F3ED /* 7zIn.c in Sources */,
				8359005B17FEF40E0060F3ED /* File_Extractor.cpp in Sources */,
				8359003A17FEF40E0060F3ED /* LzmaEnc.c in Sources */,
				8359001E17FEF40E0060F3ED /* Alloc.c in Sources */,
				8359008D17FEF40E0060F3ED /* unrar_misc.cpp in Sources */,
				8359007117FEF40E0060F3ED /* crc.cpp in Sources */,
				8359003717FEF40E0060F3ED /* Lzma86Enc.c in Sources */,
				8359006917FEF40E0060F3ED /* archive.cpp in Sources */,
				8359008517FEF40E0060F3ED /* unicode.cpp in Sources */,
				8359004617FEF40E0060F3ED /* Ppmd7Dec.c in Sources */,
				8359007F17FEF40E0060F3ED /* rawread.cpp in Sources */,
				8359000717FEF40E0060F3ED /* 7zBuf.c in Sources */,
				8359002917FEF40E0060F3ED /* Delta.c in Sources */,
				83C2109719CD81F50093C461 /* headers.cpp in Sources */,
				8359005017FEF40E0060F3ED /* blargg_common.cpp in Sources */,
				8359005F17FEF40E0060F3ED /* Gzip_Reader.cpp in Sources */,
				83C210AD19CD92960093C461 /* pathfn.cpp in Sources */,
				8359002D17FEF40E0060F3ED /* LzFindMt.c in Sources */,
				8359000B17FEF40E0060F3ED /* 7zCrc.c in Sources */,
				8359009F17FF073E0060F3ED /* 7zStream.c in Sources */,
				8359000917FEF40E0060F3ED /* 7zBuf2.c in Sources */,
				8359002517FEF40E0060F3ED /* BraIA64.c in Sources */,
				8359007E17FEF40E0060F3ED /* rarvmtbl.cpp in Sources */,
				8359000E17FEF40E0060F3ED /* 7zDec.c in Sources */,
				8359008B17FEF40E0060F3ED /* unrar.cpp in Sources */,
				8359002417FEF40E0060F3ED /* Bra86.c in Sources */,
				8359006317FEF40E0060F3ED /* Zip7_Extractor.cpp in Sources */,
				8359006117FEF40E0060F3ED /* Rar_Extractor.cpp in Sources */,
				8359003F17FEF40E0060F3ED /* MtCoder.c in Sources */,
				8359003317FEF40E0060F3ED /* Lzma2Enc.c in Sources */,
				83C210AA19CD8F8F0093C461 /* strfn.cpp in Sources */,
				8359003617FEF40E0060F3ED /* Lzma86Dec.c in Sources */,
				8359002217FEF40E0060F3ED /* Bra.c in Sources */,
				8359000517FEF40E0060F3ED /* 7zAlloc.c in Sources */,
				8359007517FEF40E0060F3ED /* getbits.cpp in Sources */,
				8359007C17FEF40E0060F3ED /* rarvm.cpp in Sources */,
				8359000D17FEF40E0060F3ED /* 7zCrcOpt.c in Sources */,
				8359006717FEF40E0060F3ED /* Zlib_Inflater.cpp in Sources */,
				8359003117FEF40E0060F3ED /* Lzma2Dec.c in Sources */,
				8359007217FEF40E0060F3ED /* encname.cpp in Sources */,
				8359004117FEF40E0060F3ED /* Threads.c in Sources */,
				83C210B019CD97DB0093C461 /* timefn.cpp in Sources */,
				8359008717FEF40E0060F3ED /* unpack.cpp in Sources */,
				8359003C17FEF40E0060F3ED /* LzmaLib.c in Sources */,
				8359005917FEF40E0060F3ED /* fex.cpp in Sources */,
				83C2109B19CD88A30093C461 /* secpassword.cpp in Sources */,
				83C210A219CD89C70093C461 /* hash.cpp in Sources */,
				8359004717FEF40E0060F3ED /* Ppmd7Enc.c in Sources */,
				8359004E17FEF40E0060F3ED /* Binary_Extractor.cpp in Sources */,
				8359007417FEF40E0060F3ED /* extract.cpp in Sources */,
				8359006517FEF40E0060F3ED /* Zip_Extractor.cpp in Sources */,
				8359002717FEF40E0060F3ED /* CpuArch.c in Sources */,
				83C210A419CD89C70093C461 /* blake2s.cpp in Sources */,
			);
			runOnlyForDeploymentPostprocessing = 0;
		};
/* End PBXSourcesBuildPhase section */

/* Begin PBXVariantGroup section */
		8359FF4817FEF39F0060F3ED /* InfoPlist.strings */ = {
			isa = PBXVariantGroup;
			children = (
				8359FF4917FEF39F0060F3ED /* en */,
				833F68401CDBCAB300AFB9F0 /* es */,
				83F0E6B3287CAB4100D84594 /* pl */,
				838EE8B929A8600900CD0580 /* tr */,
			);
			name = InfoPlist.strings;
			sourceTree = "<group>";
		};
/* End PBXVariantGroup section */

/* Begin XCBuildConfiguration section */
		8359FF6217FEF39F0060F3ED /* Debug */ = {
			isa = XCBuildConfiguration;
			baseConfigurationReference = 83747BE12862D78E0021245F /* Shared.xcconfig */;
			buildSettings = {
				ALWAYS_SEARCH_USER_PATHS = NO;
				CLANG_ANALYZER_LOCALIZABILITY_NONLOCALIZED = YES;
				CLANG_CXX_LANGUAGE_STANDARD = "gnu++0x";
				CLANG_CXX_LIBRARY = "libc++";
				CLANG_ENABLE_MODULES = YES;
				CLANG_ENABLE_OBJC_ARC = YES;
				CLANG_WARN_BLOCK_CAPTURE_AUTORELEASING = YES;
				CLANG_WARN_BOOL_CONVERSION = YES;
				CLANG_WARN_COMMA = YES;
				CLANG_WARN_CONSTANT_CONVERSION = YES;
				CLANG_WARN_DEPRECATED_OBJC_IMPLEMENTATIONS = YES;
				CLANG_WARN_DIRECT_OBJC_ISA_USAGE = YES_ERROR;
				CLANG_WARN_EMPTY_BODY = YES;
				CLANG_WARN_ENUM_CONVERSION = YES;
				CLANG_WARN_INFINITE_RECURSION = YES;
				CLANG_WARN_INT_CONVERSION = YES;
				CLANG_WARN_NON_LITERAL_NULL_CONVERSION = YES;
				CLANG_WARN_OBJC_IMPLICIT_RETAIN_SELF = YES;
				CLANG_WARN_OBJC_LITERAL_CONVERSION = YES;
				CLANG_WARN_OBJC_ROOT_CLASS = YES_ERROR;
				CLANG_WARN_QUOTED_INCLUDE_IN_FRAMEWORK_HEADER = YES;
				CLANG_WARN_RANGE_LOOP_ANALYSIS = YES;
				CLANG_WARN_STRICT_PROTOTYPES = YES;
				CLANG_WARN_SUSPICIOUS_MOVE = YES;
				CLANG_WARN_UNREACHABLE_CODE = YES;
				CLANG_WARN__DUPLICATE_METHOD_MATCH = YES;
				COPY_PHASE_STRIP = NO;
				DEAD_CODE_STRIPPING = YES;
				ENABLE_STRICT_OBJC_MSGSEND = YES;
				ENABLE_TESTABILITY = YES;
				ENABLE_USER_SCRIPT_SANDBOXING = YES;
				GCC_C_LANGUAGE_STANDARD = gnu99;
				GCC_DYNAMIC_NO_PIC = NO;
				GCC_ENABLE_OBJC_EXCEPTIONS = YES;
				GCC_NO_COMMON_BLOCKS = YES;
				GCC_OPTIMIZATION_LEVEL = 0;
				GCC_PREPROCESSOR_DEFINITIONS = (
					"DEBUG=1",
					"$(inherited)",
					_UNIX,
				);
				GCC_SYMBOLS_PRIVATE_EXTERN = NO;
				GCC_WARN_64_TO_32_BIT_CONVERSION = YES;
				GCC_WARN_ABOUT_RETURN_TYPE = YES_ERROR;
				GCC_WARN_UNDECLARED_SELECTOR = YES;
				GCC_WARN_UNINITIALIZED_AUTOS = YES;
				GCC_WARN_UNUSED_FUNCTION = YES;
				GCC_WARN_UNUSED_VARIABLE = YES;
				MACOSX_DEPLOYMENT_TARGET = 10.13;
				ONLY_ACTIVE_ARCH = YES;
				OTHER_CFLAGS = "-Wframe-larger-than=4000";
				OTHER_CPLUSPLUSFLAGS = "-Wframe-larger-than=16000";
				SDKROOT = macosx;
				STRING_CATALOG_GENERATE_SYMBOLS = YES;
			};
			name = Debug;
		};
		8359FF6317FEF39F0060F3ED /* Release */ = {
			isa = XCBuildConfiguration;
			baseConfigurationReference = 83747BE12862D78E0021245F /* Shared.xcconfig */;
			buildSettings = {
				ALWAYS_SEARCH_USER_PATHS = NO;
				CLANG_ANALYZER_LOCALIZABILITY_NONLOCALIZED = YES;
				CLANG_CXX_LANGUAGE_STANDARD = "gnu++0x";
				CLANG_CXX_LIBRARY = "libc++";
				CLANG_ENABLE_MODULES = YES;
				CLANG_ENABLE_OBJC_ARC = YES;
				CLANG_WARN_BLOCK_CAPTURE_AUTORELEASING = YES;
				CLANG_WARN_BOOL_CONVERSION = YES;
				CLANG_WARN_COMMA = YES;
				CLANG_WARN_CONSTANT_CONVERSION = YES;
				CLANG_WARN_DEPRECATED_OBJC_IMPLEMENTATIONS = YES;
				CLANG_WARN_DIRECT_OBJC_ISA_USAGE = YES_ERROR;
				CLANG_WARN_EMPTY_BODY = YES;
				CLANG_WARN_ENUM_CONVERSION = YES;
				CLANG_WARN_INFINITE_RECURSION = YES;
				CLANG_WARN_INT_CONVERSION = YES;
				CLANG_WARN_NON_LITERAL_NULL_CONVERSION = YES;
				CLANG_WARN_OBJC_IMPLICIT_RETAIN_SELF = YES;
				CLANG_WARN_OBJC_LITERAL_CONVERSION = YES;
				CLANG_WARN_OBJC_ROOT_CLASS = YES_ERROR;
				CLANG_WARN_QUOTED_INCLUDE_IN_FRAMEWORK_HEADER = YES;
				CLANG_WARN_RANGE_LOOP_ANALYSIS = YES;
				CLANG_WARN_STRICT_PROTOTYPES = YES;
				CLANG_WARN_SUSPICIOUS_MOVE = YES;
				CLANG_WARN_UNREACHABLE_CODE = YES;
				CLANG_WARN__DUPLICATE_METHOD_MATCH = YES;
				DEAD_CODE_STRIPPING = YES;
				DEBUG_INFORMATION_FORMAT = "dwarf-with-dsym";
				ENABLE_NS_ASSERTIONS = NO;
				ENABLE_STRICT_OBJC_MSGSEND = YES;
				ENABLE_USER_SCRIPT_SANDBOXING = YES;
				GCC_C_LANGUAGE_STANDARD = gnu99;
				GCC_ENABLE_OBJC_EXCEPTIONS = YES;
				GCC_NO_COMMON_BLOCKS = YES;
				GCC_PREPROCESSOR_DEFINITIONS = _UNIX;
				GCC_WARN_64_TO_32_BIT_CONVERSION = YES;
				GCC_WARN_ABOUT_RETURN_TYPE = YES_ERROR;
				GCC_WARN_UNDECLARED_SELECTOR = YES;
				GCC_WARN_UNINITIALIZED_AUTOS = YES;
				GCC_WARN_UNUSED_FUNCTION = YES;
				GCC_WARN_UNUSED_VARIABLE = YES;
				MACOSX_DEPLOYMENT_TARGET = 10.13;
				OTHER_CFLAGS = "-Wframe-larger-than=4000";
				OTHER_CPLUSPLUSFLAGS = "-Wframe-larger-than=16000";
				SDKROOT = macosx;
				STRING_CATALOG_GENERATE_SYMBOLS = YES;
			};
			name = Release;
		};
		8359FF6517FEF39F0060F3ED /* Debug */ = {
			isa = XCBuildConfiguration;
			buildSettings = {
				CODE_SIGN_IDENTITY = "";
				COMBINE_HIDPI_IMAGES = YES;
				DEAD_CODE_STRIPPING = YES;
				DYLIB_COMPATIBILITY_VERSION = 1;
				DYLIB_CURRENT_VERSION = 1;
				FRAMEWORK_VERSION = A;
				GCC_PRECOMPILE_PREFIX_HEADER = NO;
				HEADER_SEARCH_PATHS = (
					"$(inherited)",
					/Applications/Xcode.app/Contents/Developer/Toolchains/XcodeDefault.xctoolchain/usr/include,
					File_Extractor,
				);
				INFOPLIST_FILE = "File_Extractor/File_Extractor-Info.plist";
				INSTALL_PATH = "@rpath";
				PRODUCT_BUNDLE_IDENTIFIER = net.kode54.fileextractor;
				PRODUCT_NAME = "$(TARGET_NAME)";
				SDKROOT = macosx;
				SKIP_INSTALL = YES;
				WRAPPER_EXTENSION = framework;
			};
			name = Debug;
		};
		8359FF6617FEF39F0060F3ED /* Release */ = {
			isa = XCBuildConfiguration;
			buildSettings = {
				CODE_SIGN_IDENTITY = "";
				COMBINE_HIDPI_IMAGES = YES;
				DEAD_CODE_STRIPPING = YES;
				DYLIB_COMPATIBILITY_VERSION = 1;
				DYLIB_CURRENT_VERSION = 1;
				FRAMEWORK_VERSION = A;
				GCC_PRECOMPILE_PREFIX_HEADER = NO;
				HEADER_SEARCH_PATHS = (
					"$(inherited)",
					/Applications/Xcode.app/Contents/Developer/Toolchains/XcodeDefault.xctoolchain/usr/include,
					File_Extractor,
				);
				INFOPLIST_FILE = "File_Extractor/File_Extractor-Info.plist";
				INSTALL_PATH = "@rpath";
				PRODUCT_BUNDLE_IDENTIFIER = net.kode54.fileextractor;
				PRODUCT_NAME = "$(TARGET_NAME)";
				SDKROOT = macosx;
				SKIP_INSTALL = YES;
				WRAPPER_EXTENSION = framework;
			};
			name = Release;
		};
/* End XCBuildConfiguration section */

/* Begin XCConfigurationList section */
		8359FF3617FEF39F0060F3ED /* Build configuration list for PBXProject "File_Extractor" */ = {
			isa = XCConfigurationList;
			buildConfigurations = (
				8359FF6217FEF39F0060F3ED /* Debug */,
				8359FF6317FEF39F0060F3ED /* Release */,
			);
			defaultConfigurationIsVisible = 0;
			defaultConfigurationName = Release;
		};
		8359FF6417FEF39F0060F3ED /* Build configuration list for PBXNativeTarget "File_Extractor" */ = {
			isa = XCConfigurationList;
			buildConfigurations = (
				8359FF6517FEF39F0060F3ED /* Debug */,
				8359FF6617FEF39F0060F3ED /* Release */,
			);
			defaultConfigurationIsVisible = 0;
			defaultConfigurationName = Release;
		};
/* End XCConfigurationList section */
	};
	rootObject = 8359FF3317FEF39F0060F3ED /* Project object */;
}
