// !$*UTF8*$!
{
	archiveVersion = 1;
	classes = {
	};
	objectVersion = 46;
	objects = {

/* Begin PBXBuildFile section */
		835CBC8218DA95AC0087A03E /* ft2play.h in Headers */ = {isa = PBXBuildFile; fileRef = 839CAC3E18DA744700D67EA9 /* ft2play.h */; settings = {ATTRIBUTES = (Public, ); }; };
		838A72E618DEC9A1007C8A7D /* resampler.c in Sources */ = {isa = PBXBuildFile; fileRef = 838A72E418DEC9A1007C8A7D /* resampler.c */; };
		838A72E718DEC9A1007C8A7D /* resampler.h in Headers */ = {isa = PBXBuildFile; fileRef = 838A72E518DEC9A1007C8A7D /* resampler.h */; };
		839CAC4018DA746000D67EA9 /* ft2play.c in Sources */ = {isa = PBXBuildFile; fileRef = 839CAC3F18DA746000D67EA9 /* ft2play.c */; };
		83EAF76818E8F70400C896A6 /* dbopl.c in Sources */ = {isa = PBXBuildFile; fileRef = 83EAF76618E8F70400C896A6 /* dbopl.c */; };
		83EAF76918E8F70400C896A6 /* dbopl.h in Headers */ = {isa = PBXBuildFile; fileRef = 83EAF76718E8F70400C896A6 /* dbopl.h */; };
		83F1529419C667000000856F /* barray.h in Headers */ = {isa = PBXBuildFile; fileRef = 83F1529219C667000000856F /* barray.h */; };
		83F1529519C667000000856F /* barray.c in Sources */ = {isa = PBXBuildFile; fileRef = 83F1529319C667000000856F /* barray.c */; };
		83F4D54818D82105009B2DE6 /* InfoPlist.strings in Resources */ = {isa = PBXBuildFile; fileRef = 83F4D54618D82105009B2DE6 /* InfoPlist.strings */; };
		83F4D57718D821D2009B2DE6 /* st3play.c in Sources */ = {isa = PBXBuildFile; fileRef = 83F4D57318D821D2009B2DE6 /* st3play.c */; };
		83F4D57818D821D2009B2DE6 /* st3play.h in Headers */ = {isa = PBXBuildFile; fileRef = 83F4D57418D821D2009B2DE6 /* st3play.h */; settings = {ATTRIBUTES = (Public, ); }; };
/* End PBXBuildFile section */

/* Begin PBXFileReference section */
		833F682A1CDBCAA900AFB9F0 /* es */ = {isa = PBXFileReference; lastKnownFileType = text.plist.strings; name = es; path = es.lproj/InfoPlist.strings; sourceTree = "<group>"; };
		838A72E418DEC9A1007C8A7D /* resampler.c */ = {isa = PBXFileReference; fileEncoding = 4; lastKnownFileType = sourcecode.c.c; path = resampler.c; sourceTree = "<group>"; };
		838A72E518DEC9A1007C8A7D /* resampler.h */ = {isa = PBXFileReference; fileEncoding = 4; lastKnownFileType = sourcecode.c.h; path = resampler.h; sourceTree = "<group>"; };
		839CAC3E18DA744700D67EA9 /* ft2play.h */ = {isa = PBXFileReference; lastKnownFileType = sourcecode.c.h; path = ft2play.h; sourceTree = "<group>"; };
		839CAC3F18DA746000D67EA9 /* ft2play.c */ = {isa = PBXFileReference; fileEncoding = 4; lastKnownFileType = sourcecode.c.c; path = ft2play.c; sourceTree = "<group>"; };
		83EAF76618E8F70400C896A6 /* dbopl.c */ = {isa = PBXFileReference; fileEncoding = 4; lastKnownFileType = sourcecode.c.c; path = dbopl.c; sourceTree = "<group>"; };
		83EAF76718E8F70400C896A6 /* dbopl.h */ = {isa = PBXFileReference; fileEncoding = 4; lastKnownFileType = sourcecode.c.h; path = dbopl.h; sourceTree = "<group>"; };
		83F1529219C667000000856F /* barray.h */ = {isa = PBXFileReference; fileEncoding = 4; lastKnownFileType = sourcecode.c.h; path = barray.h; sourceTree = "<group>"; };
		83F1529319C667000000856F /* barray.c */ = {isa = PBXFileReference; fileEncoding = 4; lastKnownFileType = sourcecode.c.c; path = barray.c; sourceTree = "<group>"; };
		83F4D53A18D82105009B2DE6 /* modplay.framework */ = {isa = PBXFileReference; explicitFileType = wrapper.framework; includeInIndex = 0; path = modplay.framework; sourceTree = BUILT_PRODUCTS_DIR; };
		83F4D54518D82105009B2DE6 /* modplay-Info.plist */ = {isa = PBXFileReference; lastKnownFileType = text.plist.xml; path = "modplay-Info.plist"; sourceTree = "<group>"; };
		83F4D54718D82105009B2DE6 /* en */ = {isa = PBXFileReference; lastKnownFileType = text.plist.strings; name = en; path = en.lproj/InfoPlist.strings; sourceTree = "<group>"; };
		83F4D57318D821D2009B2DE6 /* st3play.c */ = {isa = PBXFileReference; fileEncoding = 4; lastKnownFileType = sourcecode.c.c; path = st3play.c; sourceTree = "<group>"; };
		83F4D57418D821D2009B2DE6 /* st3play.h */ = {isa = PBXFileReference; fileEncoding = 4; lastKnownFileType = sourcecode.c.h; path = st3play.h; sourceTree = "<group>"; };
/* End PBXFileReference section */

/* Begin PBXFrameworksBuildPhase section */
		83F4D53618D82105009B2DE6 /* Frameworks */ = {
			isa = PBXFrameworksBuildPhase;
			buildActionMask = 2147483647;
			files = (
			);
			runOnlyForDeploymentPostprocessing = 0;
		};
/* End PBXFrameworksBuildPhase section */

/* Begin PBXGroup section */
		83F4D53018D82105009B2DE6 = {
			isa = PBXGroup;
			children = (
				83F4D54318D82105009B2DE6 /* modplay */,
				83F4D53C18D82105009B2DE6 /* Frameworks */,
				83F4D53B18D82105009B2DE6 /* Products */,
			);
			sourceTree = "<group>";
		};
		83F4D53B18D82105009B2DE6 /* Products */ = {
			isa = PBXGroup;
			children = (
				83F4D53A18D82105009B2DE6 /* modplay.framework */,
			);
			name = Products;
			sourceTree = "<group>";
		};
		83F4D53C18D82105009B2DE6 /* Frameworks */ = {
			isa = PBXGroup;
			children = (
				83F4D53F18D82105009B2DE6 /* Other Frameworks */,
			);
			name = Frameworks;
			sourceTree = "<group>";
		};
		83F4D53F18D82105009B2DE6 /* Other Frameworks */ = {
			isa = PBXGroup;
			children = (
			);
			name = "Other Frameworks";
			sourceTree = "<group>";
		};
		83F4D54318D82105009B2DE6 /* modplay */ = {
			isa = PBXGroup;
			children = (
				83F1529219C667000000856F /* barray.h */,
				83F1529319C667000000856F /* barray.c */,
				83EAF76618E8F70400C896A6 /* dbopl.c */,
				83EAF76718E8F70400C896A6 /* dbopl.h */,
				838A72E418DEC9A1007C8A7D /* resampler.c */,
				838A72E518DEC9A1007C8A7D /* resampler.h */,
				83F4D57318D821D2009B2DE6 /* st3play.c */,
				83F4D57418D821D2009B2DE6 /* st3play.h */,
				839CAC3F18DA746000D67EA9 /* ft2play.c */,
				839CAC3E18DA744700D67EA9 /* ft2play.h */,
				83F4D54418D82105009B2DE6 /* Supporting Files */,
			);
			path = modplay;
			sourceTree = "<group>";
		};
		83F4D54418D82105009B2DE6 /* Supporting Files */ = {
			isa = PBXGroup;
			children = (
				83F4D54518D82105009B2DE6 /* modplay-Info.plist */,
				83F4D54618D82105009B2DE6 /* InfoPlist.strings */,
			);
			name = "Supporting Files";
			sourceTree = "<group>";
		};
/* End PBXGroup section */

/* Begin PBXHeadersBuildPhase section */
		83F4D53718D82105009B2DE6 /* Headers */ = {
			isa = PBXHeadersBuildPhase;
			buildActionMask = 2147483647;
			files = (
				83F1529419C667000000856F /* barray.h in Headers */,
				838A72E718DEC9A1007C8A7D /* resampler.h in Headers */,
				835CBC8218DA95AC0087A03E /* ft2play.h in Headers */,
				83EAF76918E8F70400C896A6 /* dbopl.h in Headers */,
				83F4D57818D821D2009B2DE6 /* st3play.h in Headers */,
			);
			runOnlyForDeploymentPostprocessing = 0;
		};
/* End PBXHeadersBuildPhase section */

/* Begin PBXNativeTarget section */
		83F4D53918D82105009B2DE6 /* modplay */ = {
			isa = PBXNativeTarget;
			buildConfigurationList = 83F4D56218D82105009B2DE6 /* Build configuration list for PBXNativeTarget "modplay" */;
			buildPhases = (
				83F4D53518D82105009B2DE6 /* Sources */,
				83F4D53618D82105009B2DE6 /* Frameworks */,
				83F4D53718D82105009B2DE6 /* Headers */,
				83F4D53818D82105009B2DE6 /* Resources */,
			);
			buildRules = (
			);
			dependencies = (
			);
			name = modplay;
			productName = modplay;
			productReference = 83F4D53A18D82105009B2DE6 /* modplay.framework */;
			productType = "com.apple.product-type.framework";
		};
/* End PBXNativeTarget section */

/* Begin PBXProject section */
		83F4D53118D82105009B2DE6 /* Project object */ = {
			isa = PBXProject;
			attributes = {
				LastUpgradeCheck = 0900;
				ORGANIZATIONNAME = "";
			};
			buildConfigurationList = 83F4D53418D82105009B2DE6 /* Build configuration list for PBXProject "modplay" */;
			compatibilityVersion = "Xcode 3.2";
			developmentRegion = English;
			hasScannedForEncodings = 0;
			knownRegions = (
				en,
				es,
			);
			mainGroup = 83F4D53018D82105009B2DE6;
			productRefGroup = 83F4D53B18D82105009B2DE6 /* Products */;
			projectDirPath = "";
			projectRoot = "";
			targets = (
				83F4D53918D82105009B2DE6 /* modplay */,
			);
		};
/* End PBXProject section */

/* Begin PBXResourcesBuildPhase section */
		83F4D53818D82105009B2DE6 /* Resources */ = {
			isa = PBXResourcesBuildPhase;
			buildActionMask = 2147483647;
			files = (
				83F4D54818D82105009B2DE6 /* InfoPlist.strings in Resources */,
			);
			runOnlyForDeploymentPostprocessing = 0;
		};
/* End PBXResourcesBuildPhase section */

/* Begin PBXSourcesBuildPhase section */
		83F4D53518D82105009B2DE6 /* Sources */ = {
			isa = PBXSourcesBuildPhase;
			buildActionMask = 2147483647;
			files = (
				83F1529519C667000000856F /* barray.c in Sources */,
				838A72E618DEC9A1007C8A7D /* resampler.c in Sources */,
				83EAF76818E8F70400C896A6 /* dbopl.c in Sources */,
				83F4D57718D821D2009B2DE6 /* st3play.c in Sources */,
				839CAC4018DA746000D67EA9 /* ft2play.c in Sources */,
			);
			runOnlyForDeploymentPostprocessing = 0;
		};
/* End PBXSourcesBuildPhase section */

/* Begin PBXVariantGroup section */
		83F4D54618D82105009B2DE6 /* InfoPlist.strings */ = {
			isa = PBXVariantGroup;
			children = (
				83F4D54718D82105009B2DE6 /* en */,
				833F682A1CDBCAA900AFB9F0 /* es */,
			);
			name = InfoPlist.strings;
			sourceTree = "<group>";
		};
/* End PBXVariantGroup section */

/* Begin XCBuildConfiguration section */
		83F4D56018D82105009B2DE6 /* Debug */ = {
			isa = XCBuildConfiguration;
			buildSettings = {
				ALWAYS_SEARCH_USER_PATHS = NO;
				CLANG_ANALYZER_LOCALIZABILITY_NONLOCALIZED = YES;
				CLANG_CXX_LANGUAGE_STANDARD = "gnu++0x";
				CLANG_CXX_LIBRARY = "libc++";
				CLANG_ENABLE_MODULES = YES;
				CLANG_ENABLE_OBJC_ARC = YES;
				CLANG_WARN_BLOCK_CAPTURE_AUTORELEASING = YES;
				CLANG_WARN_BOOL_CONVERSION = YES;
				CLANG_WARN_COMMA = YES;
				CLANG_WARN_CONSTANT_CONVERSION = YES;
				CLANG_WARN_DIRECT_OBJC_ISA_USAGE = YES_ERROR;
				CLANG_WARN_EMPTY_BODY = YES;
				CLANG_WARN_ENUM_CONVERSION = YES;
				CLANG_WARN_INFINITE_RECURSION = YES;
				CLANG_WARN_INT_CONVERSION = YES;
				CLANG_WARN_NON_LITERAL_NULL_CONVERSION = YES;
				CLANG_WARN_OBJC_LITERAL_CONVERSION = YES;
				CLANG_WARN_OBJC_ROOT_CLASS = YES_ERROR;
				CLANG_WARN_RANGE_LOOP_ANALYSIS = YES;
				CLANG_WARN_STRICT_PROTOTYPES = YES;
				CLANG_WARN_SUSPICIOUS_MOVE = YES;
				CLANG_WARN_UNREACHABLE_CODE = YES;
				CLANG_WARN__DUPLICATE_METHOD_MATCH = YES;
				COPY_PHASE_STRIP = NO;
				ENABLE_STRICT_OBJC_MSGSEND = YES;
				ENABLE_TESTABILITY = YES;
				GCC_C_LANGUAGE_STANDARD = gnu99;
				GCC_DYNAMIC_NO_PIC = NO;
				GCC_ENABLE_OBJC_EXCEPTIONS = YES;
				GCC_NO_COMMON_BLOCKS = YES;
				GCC_OPTIMIZATION_LEVEL = 0;
				GCC_PREPROCESSOR_DEFINITIONS = (
					"DEBUG=1",
					"$(inherited)",
				);
				GCC_SYMBOLS_PRIVATE_EXTERN = NO;
				GCC_WARN_64_TO_32_BIT_CONVERSION = YES;
				GCC_WARN_ABOUT_RETURN_TYPE = YES_ERROR;
				GCC_WARN_UNDECLARED_SELECTOR = YES;
				GCC_WARN_UNINITIALIZED_AUTOS = YES_AGGRESSIVE;
				GCC_WARN_UNUSED_FUNCTION = YES;
				GCC_WARN_UNUSED_VARIABLE = YES;
				INSTALL_PATH = "@loader_path/../Frameworks";
				MACOSX_DEPLOYMENT_TARGET = 10.14;
				ONLY_ACTIVE_ARCH = YES;
				OTHER_CFLAGS = "-Wframe-larger-than=4000";
				OTHER_CPLUSPLUSFLAGS = "-Wframe-larger-than=16000";
				SDKROOT = macosx;
			};
			name = Debug;
		};
		83F4D56118D82105009B2DE6 /* Release */ = {
			isa = XCBuildConfiguration;
			buildSettings = {
				ALWAYS_SEARCH_USER_PATHS = NO;
				CLANG_ANALYZER_LOCALIZABILITY_NONLOCALIZED = YES;
				CLANG_CXX_LANGUAGE_STANDARD = "gnu++0x";
				CLANG_CXX_LIBRARY = "libc++";
				CLANG_ENABLE_MODULES = YES;
				CLANG_ENABLE_OBJC_ARC = YES;
				CLANG_WARN_BLOCK_CAPTURE_AUTORELEASING = YES;
				CLANG_WARN_BOOL_CONVERSION = YES;
				CLANG_WARN_COMMA = YES;
				CLANG_WARN_CONSTANT_CONVERSION = YES;
				CLANG_WARN_DIRECT_OBJC_ISA_USAGE = YES_ERROR;
				CLANG_WARN_EMPTY_BODY = YES;
				CLANG_WARN_ENUM_CONVERSION = YES;
				CLANG_WARN_INFINITE_RECURSION = YES;
				CLANG_WARN_INT_CONVERSION = YES;
				CLANG_WARN_NON_LITERAL_NULL_CONVERSION = YES;
				CLANG_WARN_OBJC_LITERAL_CONVERSION = YES;
				CLANG_WARN_OBJC_ROOT_CLASS = YES_ERROR;
				CLANG_WARN_RANGE_LOOP_ANALYSIS = YES;
				CLANG_WARN_STRICT_PROTOTYPES = YES;
				CLANG_WARN_SUSPICIOUS_MOVE = YES;
				CLANG_WARN_UNREACHABLE_CODE = YES;
				CLANG_WARN__DUPLICATE_METHOD_MATCH = YES;
				DEBUG_INFORMATION_FORMAT = "dwarf-with-dsym";
				ENABLE_NS_ASSERTIONS = NO;
				ENABLE_STRICT_OBJC_MSGSEND = YES;
				GCC_C_LANGUAGE_STANDARD = gnu99;
				GCC_ENABLE_OBJC_EXCEPTIONS = YES;
				GCC_NO_COMMON_BLOCKS = YES;
				GCC_WARN_64_TO_32_BIT_CONVERSION = YES;
				GCC_WARN_ABOUT_RETURN_TYPE = YES_ERROR;
				GCC_WARN_UNDECLARED_SELECTOR = YES;
				GCC_WARN_UNINITIALIZED_AUTOS = YES_AGGRESSIVE;
				GCC_WARN_UNUSED_FUNCTION = YES;
				GCC_WARN_UNUSED_VARIABLE = YES;
				INSTALL_PATH = "@loader_path/../Frameworks";
				MACOSX_DEPLOYMENT_TARGET = 10.14;
				OTHER_CFLAGS = "-Wframe-larger-than=4000";
				OTHER_CPLUSPLUSFLAGS = "-Wframe-larger-than=16000";
				SDKROOT = macosx;
			};
			name = Release;
		};
		83F4D56318D82105009B2DE6 /* Debug */ = {
			isa = XCBuildConfiguration;
			buildSettings = {
				COMBINE_HIDPI_IMAGES = YES;
				DYLIB_COMPATIBILITY_VERSION = 1;
				DYLIB_CURRENT_VERSION = 1;
				FRAMEWORK_VERSION = A;
				INFOPLIST_FILE = "modplay/modplay-Info.plist";
				PRODUCT_BUNDLE_IDENTIFIER = "NoWork-Inc.${PRODUCT_NAME:rfc1034identifier}";
				PRODUCT_NAME = modplay;
				SDKROOT = macosx;
				WRAPPER_EXTENSION = framework;
			};
			name = Debug;
		};
		83F4D56418D82105009B2DE6 /* Release */ = {
			isa = XCBuildConfiguration;
			buildSettings = {
				COMBINE_HIDPI_IMAGES = YES;
				DYLIB_COMPATIBILITY_VERSION = 1;
				DYLIB_CURRENT_VERSION = 1;
				FRAMEWORK_VERSION = A;
				INFOPLIST_FILE = "modplay/modplay-Info.plist";
				PRODUCT_BUNDLE_IDENTIFIER = "NoWork-Inc.${PRODUCT_NAME:rfc1034identifier}";
				PRODUCT_NAME = modplay;
				SDKROOT = macosx;
				WRAPPER_EXTENSION = framework;
			};
			name = Release;
		};
/* End XCBuildConfiguration section */

/* Begin XCConfigurationList section */
		83F4D53418D82105009B2DE6 /* Build configuration list for PBXProject "modplay" */ = {
			isa = XCConfigurationList;
			buildConfigurations = (
				83F4D56018D82105009B2DE6 /* Debug */,
				83F4D56118D82105009B2DE6 /* Release */,
			);
			defaultConfigurationIsVisible = 0;
			defaultConfigurationName = Release;
		};
		83F4D56218D82105009B2DE6 /* Build configuration list for PBXNativeTarget "modplay" */ = {
			isa = XCConfigurationList;
			buildConfigurations = (
				83F4D56318D82105009B2DE6 /* Debug */,
				83F4D56418D82105009B2DE6 /* Release */,
			);
			defaultConfigurationIsVisible = 0;
			defaultConfigurationName = Release;
		};
/* End XCConfigurationList section */
	};
	rootObject = 83F4D53118D82105009B2DE6 /* Project object */;
}
