// !$*UTF8*$!
{
	archiveVersion = 1;
	classes = {
	};
	objectVersion = 54;
	objects = {

/* Begin PBXBuildFile section */
		83F9D8021A884C0B007ABEC2 /* SilenceDecoder.m in Sources */ = {isa = PBXBuildFile; fileRef = 83F9D7FF1A884C0B007ABEC2 /* SilenceDecoder.m */; };
		83F9D8031A884C0B007ABEC2 /* SilenceSource.m in Sources */ = {isa = PBXBuildFile; fileRef = 83F9D8011A884C0B007ABEC2 /* SilenceSource.m */; };
/* End PBXBuildFile section */

/* Begin PBXFileReference section */
		834A42C1287AFED700EB9D9B /* AudioChunk.h */ = {isa = PBXFileReference; fileEncoding = 4; lastKnownFileType = sourcecode.c.h; name = AudioChunk.h; path = ../../../Audio/Chain/AudioChunk.h; sourceTree = "<group>"; };
		83747BFA2862D95C0021245F /* Shared.xcconfig */ = {isa = PBXFileReference; fileEncoding = 4; lastKnownFileType = text.xcconfig; path = Shared.xcconfig; sourceTree = "<group>"; };
		83F9D7E71A884B44007ABEC2 /* SilenceDecoder.bundle */ = {isa = PBXFileReference; explicitFileType = wrapper.cfbundle; includeInIndex = 0; path = SilenceDecoder.bundle; sourceTree = BUILT_PRODUCTS_DIR; };
		83F9D7EB1A884B44007ABEC2 /* Info.plist */ = {isa = PBXFileReference; lastKnownFileType = text.plist.xml; path = Info.plist; sourceTree = "<group>"; };
		83F9D7FE1A884C0B007ABEC2 /* SilenceDecoder.h */ = {isa = PBXFileReference; fileEncoding = 4; lastKnownFileType = sourcecode.c.h; path = SilenceDecoder.h; sourceTree = "<group>"; };
		83F9D7FF1A884C0B007ABEC2 /* SilenceDecoder.m */ = {isa = PBXFileReference; fileEncoding = 4; lastKnownFileType = sourcecode.c.objc; path = SilenceDecoder.m; sourceTree = "<group>"; };
		83F9D8001A884C0B007ABEC2 /* SilenceSource.h */ = {isa = PBXFileReference; fileEncoding = 4; lastKnownFileType = sourcecode.c.h; path = SilenceSource.h; sourceTree = "<group>"; };
		83F9D8011A884C0B007ABEC2 /* SilenceSource.m */ = {isa = PBXFileReference; fileEncoding = 4; lastKnownFileType = sourcecode.c.objc; path = SilenceSource.m; sourceTree = "<group>"; };
		83F9D8041A884C23007ABEC2 /* PlaylistController.h */ = {isa = PBXFileReference; fileEncoding = 4; lastKnownFileType = sourcecode.c.h; name = PlaylistController.h; path = ../../../Playlist/PlaylistController.h; sourceTree = "<group>"; };
		83F9D8081A884C93007ABEC2 /* Plugin.h */ = {isa = PBXFileReference; fileEncoding = 4; lastKnownFileType = sourcecode.c.h; name = Plugin.h; path = ../../../Audio/Plugin.h; sourceTree = "<group>"; };
		83F9D8091A884CB5007ABEC2 /* Logging.h */ = {isa = PBXFileReference; fileEncoding = 4; lastKnownFileType = sourcecode.c.h; name = Logging.h; path = ../../../Utils/Logging.h; sourceTree = "<group>"; };
/* End PBXFileReference section */

/* Begin PBXFrameworksBuildPhase section */
		83F9D7E41A884B44007ABEC2 /* Frameworks */ = {
			isa = PBXFrameworksBuildPhase;
			buildActionMask = 2147483647;
			files = (
			);
			runOnlyForDeploymentPostprocessing = 0;
		};
/* End PBXFrameworksBuildPhase section */

/* Begin PBXGroup section */
		83747BF92862D95C0021245F /* Xcode-config */ = {
			isa = PBXGroup;
			children = (
				83747BFA2862D95C0021245F /* Shared.xcconfig */,
			);
			name = "Xcode-config";
			path = "../../Xcode-config";
			sourceTree = "<group>";
		};
		83F9D7DE1A884B44007ABEC2 = {
			isa = PBXGroup;
			children = (
				83747BF92862D95C0021245F /* Xcode-config */,
				83F9D7E91A884B44007ABEC2 /* SilenceDecoder */,
				83F9D7E81A884B44007ABEC2 /* Products */,
			);
			sourceTree = "<group>";
		};
		83F9D7E81A884B44007ABEC2 /* Products */ = {
			isa = PBXGroup;
			children = (
				83F9D7E71A884B44007ABEC2 /* SilenceDecoder.bundle */,
			);
			name = Products;
			sourceTree = "<group>";
		};
		83F9D7E91A884B44007ABEC2 /* SilenceDecoder */ = {
			isa = PBXGroup;
			children = (
				834A42C1287AFED700EB9D9B /* AudioChunk.h */,
				83F9D8091A884CB5007ABEC2 /* Logging.h */,
				83F9D8081A884C93007ABEC2 /* Plugin.h */,
				83F9D8041A884C23007ABEC2 /* PlaylistController.h */,
				83F9D7FE1A884C0B007ABEC2 /* SilenceDecoder.h */,
				83F9D7FF1A884C0B007ABEC2 /* SilenceDecoder.m */,
				83F9D8001A884C0B007ABEC2 /* SilenceSource.h */,
				83F9D8011A884C0B007ABEC2 /* SilenceSource.m */,
				83F9D7EA1A884B44007ABEC2 /* Supporting Files */,
			);
			path = SilenceDecoder;
			sourceTree = "<group>";
		};
		83F9D7EA1A884B44007ABEC2 /* Supporting Files */ = {
			isa = PBXGroup;
			children = (
				83F9D7EB1A884B44007ABEC2 /* Info.plist */,
			);
			name = "Supporting Files";
			sourceTree = "<group>";
		};
/* End PBXGroup section */

/* Begin PBXNativeTarget section */
		83F9D7E61A884B44007ABEC2 /* SilenceDecoder */ = {
			isa = PBXNativeTarget;
			buildConfigurationList = 83F9D7EE1A884B44007ABEC2 /* Build configuration list for PBXNativeTarget "SilenceDecoder" */;
			buildPhases = (
				83F9D7E31A884B44007ABEC2 /* Sources */,
				83F9D7E41A884B44007ABEC2 /* Frameworks */,
				83F9D7E51A884B44007ABEC2 /* Resources */,
			);
			buildRules = (
			);
			dependencies = (
			);
			name = SilenceDecoder;
			productName = SilenceDecoder;
			productReference = 83F9D7E71A884B44007ABEC2 /* SilenceDecoder.bundle */;
			productType = "com.apple.product-type.bundle";
		};
/* End PBXNativeTarget section */

/* Begin PBXProject section */
		83F9D7DF1A884B44007ABEC2 /* Project object */ = {
			isa = PBXProject;
			attributes = {
				BuildIndependentTargetsInParallel = YES;
				LastUpgradeCheck = 2600;
				ORGANIZATIONNAME = "";
			};
			buildConfigurationList = 83F9D7E21A884B44007ABEC2 /* Build configuration list for PBXProject "SilenceDecoder" */;
			compatibilityVersion = "Xcode 12.0";
			developmentRegion = en;
			hasScannedForEncodings = 0;
			knownRegions = (
				en,
				Base,
			);
			mainGroup = 83F9D7DE1A884B44007ABEC2;
			productRefGroup = 83F9D7E81A884B44007ABEC2 /* Products */;
			projectDirPath = "";
			projectRoot = "";
			targets = (
				83F9D7E61A884B44007ABEC2 /* SilenceDecoder */,
			);
		};
/* End PBXProject section */

/* Begin PBXResourcesBuildPhase section */
		83F9D7E51A884B44007ABEC2 /* Resources */ = {
			isa = PBXResourcesBuildPhase;
			buildActionMask = 2147483647;
			files = (
			);
			runOnlyForDeploymentPostprocessing = 0;
		};
/* End PBXResourcesBuildPhase section */

/* Begin PBXSourcesBuildPhase section */
		83F9D7E31A884B44007ABEC2 /* Sources */ = {
			isa = PBXSourcesBuildPhase;
			buildActionMask = 2147483647;
			files = (
				83F9D8031A884C0B007ABEC2 /* SilenceSource.m in Sources */,
				83F9D8021A884C0B007ABEC2 /* SilenceDecoder.m in Sources */,
			);
			runOnlyForDeploymentPostprocessing = 0;
		};
/* End PBXSourcesBuildPhase section */

/* Begin XCBuildConfiguration section */
		83F9D7EC1A884B44007ABEC2 /* Debug */ = {
			isa = XCBuildConfiguration;
			baseConfigurationReference = 83747BFA2862D95C0021245F /* Shared.xcconfig */;
			buildSettings = {
				ALWAYS_SEARCH_USER_PATHS = NO;
				CLANG_ANALYZER_LOCALIZABILITY_NONLOCALIZED = YES;
				CLANG_CXX_LANGUAGE_STANDARD = "gnu++0x";
				CLANG_CXX_LIBRARY = "libc++";
				CLANG_ENABLE_MODULES = YES;
				CLANG_ENABLE_OBJC_ARC = YES;
				CLANG_WARN_BLOCK_CAPTURE_AUTORELEASING = YES;
				CLANG_WARN_BOOL_CONVERSION = YES;
				CLANG_WARN_COMMA = YES;
				CLANG_WARN_CONSTANT_CONVERSION = YES;
				CLANG_WARN_DEPRECATED_OBJC_IMPLEMENTATIONS = YES;
				CLANG_WARN_DIRECT_OBJC_ISA_USAGE = YES_ERROR;
				CLANG_WARN_EMPTY_BODY = YES;
				CLANG_WARN_ENUM_CONVERSION = YES;
				CLANG_WARN_INFINITE_RECURSION = YES;
				CLANG_WARN_INT_CONVERSION = YES;
				CLANG_WARN_NON_LITERAL_NULL_CONVERSION = YES;
				CLANG_WARN_OBJC_IMPLICIT_RETAIN_SELF = YES;
				CLANG_WARN_OBJC_LITERAL_CONVERSION = YES;
				CLANG_WARN_OBJC_ROOT_CLASS = YES_ERROR;
				CLANG_WARN_QUOTED_INCLUDE_IN_FRAMEWORK_HEADER = YES;
				CLANG_WARN_RANGE_LOOP_ANALYSIS = YES;
				CLANG_WARN_STRICT_PROTOTYPES = YES;
				CLANG_WARN_SUSPICIOUS_MOVE = YES;
				CLANG_WARN_UNREACHABLE_CODE = YES;
				CLANG_WARN__DUPLICATE_METHOD_MATCH = YES;
				COPY_PHASE_STRIP = NO;
				DEAD_CODE_STRIPPING = YES;
				ENABLE_STRICT_OBJC_MSGSEND = YES;
				ENABLE_TESTABILITY = YES;
				ENABLE_USER_SCRIPT_SANDBOXING = YES;
				GCC_C_LANGUAGE_STANDARD = gnu99;
				GCC_DYNAMIC_NO_PIC = NO;
				GCC_NO_COMMON_BLOCKS = YES;
				GCC_OPTIMIZATION_LEVEL = 0;
				GCC_PREPROCESSOR_DEFINITIONS = (
					"DEBUG=1",
					"$(inherited)",
				);
				GCC_SYMBOLS_PRIVATE_EXTERN = NO;
				GCC_WARN_64_TO_32_BIT_CONVERSION = YES;
				GCC_WARN_ABOUT_RETURN_TYPE = YES_ERROR;
				GCC_WARN_UNDECLARED_SELECTOR = YES;
				GCC_WARN_UNINITIALIZED_AUTOS = YES_AGGRESSIVE;
				GCC_WARN_UNUSED_FUNCTION = YES;
				GCC_WARN_UNUSED_VARIABLE = YES;
				MACOSX_DEPLOYMENT_TARGET = 10.14;
				MTL_ENABLE_DEBUG_INFO = YES;
				ONLY_ACTIVE_ARCH = YES;
				OTHER_CFLAGS = "-Wframe-larger-than=4000";
				OTHER_CPLUSPLUSFLAGS = "-Wframe-larger-than=16000";
				SDKROOT = macosx;
				STRING_CATALOG_GENERATE_SYMBOLS = YES;
			};
			name = Debug;
		};
		83F9D7ED1A884B44007ABEC2 /* Release */ = {
			isa = XCBuildConfiguration;
			baseConfigurationReference = 83747BFA2862D95C0021245F /* Shared.xcconfig */;
			buildSettings = {
				ALWAYS_SEARCH_USER_PATHS = NO;
				CLANG_ANALYZER_LOCALIZABILITY_NONLOCALIZED = YES;
				CLANG_CXX_LANGUAGE_STANDARD = "gnu++0x";
				CLANG_CXX_LIBRARY = "libc++";
				CLANG_ENABLE_MODULES = YES;
				CLANG_ENABLE_OBJC_ARC = YES;
				CLANG_WARN_BLOCK_CAPTURE_AUTORELEASING = YES;
				CLANG_WARN_BOOL_CONVERSION = YES;
				CLANG_WARN_COMMA = YES;
				CLANG_WARN_CONSTANT_CONVERSION = YES;
				CLANG_WARN_DEPRECATED_OBJC_IMPLEMENTATIONS = YES;
				CLANG_WARN_DIRECT_OBJC_ISA_USAGE = YES_ERROR;
				CLANG_WARN_EMPTY_BODY = YES;
				CLANG_WARN_ENUM_CONVERSION = YES;
				CLANG_WARN_INFINITE_RECURSION = YES;
				CLANG_WARN_INT_CONVERSION = YES;
				CLANG_WARN_NON_LITERAL_NULL_CONVERSION = YES;
				CLANG_WARN_OBJC_IMPLICIT_RETAIN_SELF = YES;
				CLANG_WARN_OBJC_LITERAL_CONVERSION = YES;
				CLANG_WARN_OBJC_ROOT_CLASS = YES_ERROR;
				CLANG_WARN_QUOTED_INCLUDE_IN_FRAMEWORK_HEADER = YES;
				CLANG_WARN_RANGE_LOOP_ANALYSIS = YES;
				CLANG_WARN_STRICT_PROTOTYPES = YES;
				CLANG_WARN_SUSPICIOUS_MOVE = YES;
				CLANG_WARN_UNREACHABLE_CODE = YES;
				CLANG_WARN__DUPLICATE_METHOD_MATCH = YES;
				COPY_PHASE_STRIP = YES;
				DEAD_CODE_STRIPPING = YES;
				DEBUG_INFORMATION_FORMAT = "dwarf-with-dsym";
				ENABLE_NS_ASSERTIONS = NO;
				ENABLE_STRICT_OBJC_MSGSEND = YES;
				ENABLE_USER_SCRIPT_SANDBOXING = YES;
				GCC_C_LANGUAGE_STANDARD = gnu99;
				GCC_NO_COMMON_BLOCKS = YES;
				GCC_WARN_64_TO_32_BIT_CONVERSION = YES;
				GCC_WARN_ABOUT_RETURN_TYPE = YES_ERROR;
				GCC_WARN_UNDECLARED_SELECTOR = YES;
				GCC_WARN_UNINITIALIZED_AUTOS = YES_AGGRESSIVE;
				GCC_WARN_UNUSED_FUNCTION = YES;
				GCC_WARN_UNUSED_VARIABLE = YES;
				MACOSX_DEPLOYMENT_TARGET = 10.14;
				MTL_ENABLE_DEBUG_INFO = NO;
				OTHER_CFLAGS = "-Wframe-larger-than=4000";
				OTHER_CPLUSPLUSFLAGS = "-Wframe-larger-than=16000";
				SDKROOT = macosx;
				STRING_CATALOG_GENERATE_SYMBOLS = YES;
			};
			name = Release;
		};
		83F9D7EF1A884B44007ABEC2 /* Debug */ = {
			isa = XCBuildConfiguration;
			buildSettings = {
				COMBINE_HIDPI_IMAGES = YES;
				DEAD_CODE_STRIPPING = YES;
				INFOPLIST_FILE = SilenceDecoder/Info.plist;
				PRODUCT_BUNDLE_IDENTIFIER = "org.cogx.$(PRODUCT_NAME:rfc1034identifier)";
				PRODUCT_NAME = "$(TARGET_NAME)";
				SDKROOT = macosx;
				SKIP_INSTALL = YES;
				WRAPPER_EXTENSION = bundle;
			};
			name = Debug;
		};
		83F9D7F01A884B44007ABEC2 /* Release */ = {
			isa = XCBuildConfiguration;
			buildSettings = {
				COMBINE_HIDPI_IMAGES = YES;
				DEAD_CODE_STRIPPING = YES;
				INFOPLIST_FILE = SilenceDecoder/Info.plist;
				PRODUCT_BUNDLE_IDENTIFIER = "org.cogx.$(PRODUCT_NAME:rfc1034identifier)";
				PRODUCT_NAME = "$(TARGET_NAME)";
				SDKROOT = macosx;
				SKIP_INSTALL = YES;
				WRAPPER_EXTENSION = bundle;
			};
			name = Release;
		};
/* End XCBuildConfiguration section */

/* Begin XCConfigurationList section */
		83F9D7E21A884B44007ABEC2 /* Build configuration list for PBXProject "SilenceDecoder" */ = {
			isa = XCConfigurationList;
			buildConfigurations = (
				83F9D7EC1A884B44007ABEC2 /* Debug */,
				83F9D7ED1A884B44007ABEC2 /* Release */,
			);
			defaultConfigurationIsVisible = 0;
			defaultConfigurationName = Release;
		};
		83F9D7EE1A884B44007ABEC2 /* Build configuration list for PBXNativeTarget "SilenceDecoder" */ = {
			isa = XCConfigurationList;
			buildConfigurations = (
				83F9D7EF1A884B44007ABEC2 /* Debug */,
				83F9D7F01A884B44007ABEC2 /* Release */,
			);
			defaultConfigurationIsVisible = 0;
			defaultConfigurationName = Release;
		};
/* End XCConfigurationList section */
	};
	rootObject = 83F9D7DF1A884B44007ABEC2 /* Project object */;
}
